// !$*UTF8*$!
{
	archiveVersion = 1;
	classes = {
	};
	objectVersion = 50;
	objects = {

/* Begin PBXBuildFile section */
		489377002075A47500FAC527 /* AppDelegate.swift in Sources */ = {isa = PBXBuildFile; fileRef = 489376FF2075A47500FAC527 /* AppDelegate.swift */; };
		489377022075A47500FAC527 /* FirstViewController.swift in Sources */ = {isa = PBXBuildFile; fileRef = 489377012075A47500FAC527 /* FirstViewController.swift */; };
		489377042075A47500FAC527 /* SecondViewController.swift in Sources */ = {isa = PBXBuildFile; fileRef = 489377032075A47500FAC527 /* SecondViewController.swift */; };
		489377072075A47500FAC527 /* Main.storyboard in Resources */ = {isa = PBXBuildFile; fileRef = 489377052075A47500FAC527 /* Main.storyboard */; };
		489377092075A47600FAC527 /* Assets.xcassets in Resources */ = {isa = PBXBuildFile; fileRef = 489377082075A47600FAC527 /* Assets.xcassets */; };
		4893770C2075A47600FAC527 /* LaunchScreen.storyboard in Resources */ = {isa = PBXBuildFile; fileRef = 4893770A2075A47600FAC527 /* LaunchScreen.storyboard */; };
		489377172075A47600FAC527 /* BreedPicTests.swift in Sources */ = {isa = PBXBuildFile; fileRef = 489377162075A47600FAC527 /* BreedPicTests.swift */; };
/* End PBXBuildFile section */

/* Begin PBXContainerItemProxy section */
		489377132075A47600FAC527 /* PBXContainerItemProxy */ = {
			isa = PBXContainerItemProxy;
			containerPortal = 489376F42075A47500FAC527 /* Project object */;
			proxyType = 1;
			remoteGlobalIDString = 489376FB2075A47500FAC527;
			remoteInfo = BreedPic;
		};
/* End PBXContainerItemProxy section */

/* Begin PBXFileReference section */
		489376FC2075A47500FAC527 /* BreedPic.app */ = {isa = PBXFileReference; explicitFileType = wrapper.application; includeInIndex = 0; path = BreedPic.app; sourceTree = BUILT_PRODUCTS_DIR; };
		489376FF2075A47500FAC527 /* AppDelegate.swift */ = {isa = PBXFileReference; lastKnownFileType = sourcecode.swift; path = AppDelegate.swift; sourceTree = "<group>"; };
		489377012075A47500FAC527 /* FirstViewController.swift */ = {isa = PBXFileReference; lastKnownFileType = sourcecode.swift; path = FirstViewController.swift; sourceTree = "<group>"; };
		489377032075A47500FAC527 /* SecondViewController.swift */ = {isa = PBXFileReference; lastKnownFileType = sourcecode.swift; path = SecondViewController.swift; sourceTree = "<group>"; };
		489377062075A47500FAC527 /* Base */ = {isa = PBXFileReference; lastKnownFileType = file.storyboard; name = Base; path = Base.lproj/Main.storyboard; sourceTree = "<group>"; };
		489377082075A47600FAC527 /* Assets.xcassets */ = {isa = PBXFileReference; lastKnownFileType = folder.assetcatalog; path = Assets.xcassets; sourceTree = "<group>"; };
		4893770B2075A47600FAC527 /* Base */ = {isa = PBXFileReference; lastKnownFileType = file.storyboard; name = Base; path = Base.lproj/LaunchScreen.storyboard; sourceTree = "<group>"; };
		4893770D2075A47600FAC527 /* Info.plist */ = {isa = PBXFileReference; lastKnownFileType = text.plist.xml; path = Info.plist; sourceTree = "<group>"; };
		489377122075A47600FAC527 /* BreedPicTests.xctest */ = {isa = PBXFileReference; explicitFileType = wrapper.cfbundle; includeInIndex = 0; path = BreedPicTests.xctest; sourceTree = BUILT_PRODUCTS_DIR; };
		489377162075A47600FAC527 /* BreedPicTests.swift */ = {isa = PBXFileReference; lastKnownFileType = sourcecode.swift; path = BreedPicTests.swift; sourceTree = "<group>"; };
		489377182075A47600FAC527 /* Info.plist */ = {isa = PBXFileReference; lastKnownFileType = text.plist.xml; path = Info.plist; sourceTree = "<group>"; };
/* End PBXFileReference section */

/* Begin PBXFrameworksBuildPhase section */
		489376F92075A47500FAC527 /* Frameworks */ = {
			isa = PBXFrameworksBuildPhase;
			buildActionMask = 2147483647;
			files = (
			);
			runOnlyForDeploymentPostprocessing = 0;
		};
		4893770F2075A47600FAC527 /* Frameworks */ = {
			isa = PBXFrameworksBuildPhase;
			buildActionMask = 2147483647;
			files = (
			);
			runOnlyForDeploymentPostprocessing = 0;
		};
/* End PBXFrameworksBuildPhase section */

/* Begin PBXGroup section */
		489376F32075A47500FAC527 = {
			isa = PBXGroup;
			children = (
				489376FE2075A47500FAC527 /* BreedPic */,
				489377152075A47600FAC527 /* BreedPicTests */,
				489376FD2075A47500FAC527 /* Products */,
			);
			sourceTree = "<group>";
		};
		489376FD2075A47500FAC527 /* Products */ = {
			isa = PBXGroup;
			children = (
				489376FC2075A47500FAC527 /* BreedPic.app */,
				489377122075A47600FAC527 /* BreedPicTests.xctest */,
			);
			name = Products;
			sourceTree = "<group>";
		};
		489376FE2075A47500FAC527 /* BreedPic */ = {
			isa = PBXGroup;
			children = (
				489376FF2075A47500FAC527 /* AppDelegate.swift */,
				489377012075A47500FAC527 /* FirstViewController.swift */,
				489377032075A47500FAC527 /* SecondViewController.swift */,
				489377052075A47500FAC527 /* Main.storyboard */,
				489377082075A47600FAC527 /* Assets.xcassets */,
				4893770A2075A47600FAC527 /* LaunchScreen.storyboard */,
				4893770D2075A47600FAC527 /* Info.plist */,
			);
			path = BreedPic;
			sourceTree = "<group>";
		};
		489377152075A47600FAC527 /* BreedPicTests */ = {
			isa = PBXGroup;
			children = (
				489377162075A47600FAC527 /* BreedPicTests.swift */,
				489377182075A47600FAC527 /* Info.plist */,
			);
			path = BreedPicTests;
			sourceTree = "<group>";
		};
/* End PBXGroup section */

/* Begin PBXNativeTarget section */
		489376FB2075A47500FAC527 /* BreedPic */ = {
			isa = PBXNativeTarget;
			buildConfigurationList = 4893771B2075A47600FAC527 /* Build configuration list for PBXNativeTarget "BreedPic" */;
			buildPhases = (
				489376F82075A47500FAC527 /* Sources */,
				489376F92075A47500FAC527 /* Frameworks */,
				489376FA2075A47500FAC527 /* Resources */,
			);
			buildRules = (
			);
			dependencies = (
			);
			name = BreedPic;
			productName = BreedPic;
			productReference = 489376FC2075A47500FAC527 /* BreedPic.app */;
			productType = "com.apple.product-type.application";
		};
		489377112075A47600FAC527 /* BreedPicTests */ = {
			isa = PBXNativeTarget;
			buildConfigurationList = 4893771E2075A47600FAC527 /* Build configuration list for PBXNativeTarget "BreedPicTests" */;
			buildPhases = (
				4893770E2075A47600FAC527 /* Sources */,
				4893770F2075A47600FAC527 /* Frameworks */,
				489377102075A47600FAC527 /* Resources */,
			);
			buildRules = (
			);
			dependencies = (
				489377142075A47600FAC527 /* PBXTargetDependency */,
			);
			name = BreedPicTests;
			productName = BreedPicTests;
			productReference = 489377122075A47600FAC527 /* BreedPicTests.xctest */;
			productType = "com.apple.product-type.bundle.unit-test";
		};
/* End PBXNativeTarget section */

/* Begin PBXProject section */
		489376F42075A47500FAC527 /* Project object */ = {
			isa = PBXProject;
			attributes = {
				LastSwiftUpdateCheck = 0930;
				LastUpgradeCheck = 0930;
				ORGANIZATIONNAME = "Eduard Moya";
				TargetAttributes = {
					489376FB2075A47500FAC527 = {
						CreatedOnToolsVersion = 9.3;
					};
					489377112075A47600FAC527 = {
						CreatedOnToolsVersion = 9.3;
						TestTargetID = 489376FB2075A47500FAC527;
					};
				};
			};
			buildConfigurationList = 489376F72075A47500FAC527 /* Build configuration list for PBXProject "BreedPic" */;
			compatibilityVersion = "Xcode 9.3";
			developmentRegion = en;
			hasScannedForEncodings = 0;
			knownRegions = (
				en,
				Base,
			);
			mainGroup = 489376F32075A47500FAC527;
			productRefGroup = 489376FD2075A47500FAC527 /* Products */;
			projectDirPath = "";
			projectRoot = "";
			targets = (
				489376FB2075A47500FAC527 /* BreedPic */,
				489377112075A47600FAC527 /* BreedPicTests */,
			);
		};
/* End PBXProject section */

/* Begin PBXResourcesBuildPhase section */
		489376FA2075A47500FAC527 /* Resources */ = {
			isa = PBXResourcesBuildPhase;
			buildActionMask = 2147483647;
			files = (
				4893770C2075A47600FAC527 /* LaunchScreen.storyboard in Resources */,
				489377092075A47600FAC527 /* Assets.xcassets in Resources */,
				489377072075A47500FAC527 /* Main.storyboard in Resources */,
			);
			runOnlyForDeploymentPostprocessing = 0;
		};
		489377102075A47600FAC527 /* Resources */ = {
			isa = PBXResourcesBuildPhase;
			buildActionMask = 2147483647;
			files = (
			);
			runOnlyForDeploymentPostprocessing = 0;
		};
/* End PBXResourcesBuildPhase section */

/* Begin PBXSourcesBuildPhase section */
		489376F82075A47500FAC527 /* Sources */ = {
			isa = PBXSourcesBuildPhase;
			buildActionMask = 2147483647;
			files = (
				489377042075A47500FAC527 /* SecondViewController.swift in Sources */,
				489377002075A47500FAC527 /* AppDelegate.swift in Sources */,
				489377022075A47500FAC527 /* FirstViewController.swift in Sources */,
			);
			runOnlyForDeploymentPostprocessing = 0;
		};
		4893770E2075A47600FAC527 /* Sources */ = {
			isa = PBXSourcesBuildPhase;
			buildActionMask = 2147483647;
			files = (
				489377172075A47600FAC527 /* BreedPicTests.swift in Sources */,
			);
			runOnlyForDeploymentPostprocessing = 0;
		};
/* End PBXSourcesBuildPhase section */

/* Begin PBXTargetDependency section */
		489377142075A47600FAC527 /* PBXTargetDependency */ = {
			isa = PBXTargetDependency;
			target = 489376FB2075A47500FAC527 /* BreedPic */;
			targetProxy = 489377132075A47600FAC527 /* PBXContainerItemProxy */;
		};
/* End PBXTargetDependency section */

/* Begin PBXVariantGroup section */
		489377052075A47500FAC527 /* Main.storyboard */ = {
			isa = PBXVariantGroup;
			children = (
				489377062075A47500FAC527 /* Base */,
			);
			name = Main.storyboard;
			sourceTree = "<group>";
		};
		4893770A2075A47600FAC527 /* LaunchScreen.storyboard */ = {
			isa = PBXVariantGroup;
			children = (
				4893770B2075A47600FAC527 /* Base */,
			);
			name = LaunchScreen.storyboard;
			sourceTree = "<group>";
		};
/* End PBXVariantGroup section */

/* Begin XCBuildConfiguration section */
		489377192075A47600FAC527 /* Debug */ = {
			isa = XCBuildConfiguration;
			buildSettings = {
				ALWAYS_SEARCH_USER_PATHS = NO;
				CLANG_ANALYZER_NONNULL = YES;
				CLANG_ANALYZER_NUMBER_OBJECT_CONVERSION = YES_AGGRESSIVE;
				CLANG_CXX_LANGUAGE_STANDARD = "gnu++14";
				CLANG_CXX_LIBRARY = "libc++";
				CLANG_ENABLE_MODULES = YES;
				CLANG_ENABLE_OBJC_ARC = YES;
				CLANG_ENABLE_OBJC_WEAK = YES;
				CLANG_WARN_BLOCK_CAPTURE_AUTORELEASING = YES;
				CLANG_WARN_BOOL_CONVERSION = YES;
				CLANG_WARN_COMMA = YES;
				CLANG_WARN_CONSTANT_CONVERSION = YES;
				CLANG_WARN_DEPRECATED_OBJC_IMPLEMENTATIONS = YES;
				CLANG_WARN_DIRECT_OBJC_ISA_USAGE = YES_ERROR;
				CLANG_WARN_DOCUMENTATION_COMMENTS = YES;
				CLANG_WARN_EMPTY_BODY = YES;
				CLANG_WARN_ENUM_CONVERSION = YES;
				CLANG_WARN_INFINITE_RECURSION = YES;
				CLANG_WARN_INT_CONVERSION = YES;
				CLANG_WARN_NON_LITERAL_NULL_CONVERSION = YES;
				CLANG_WARN_OBJC_IMPLICIT_RETAIN_SELF = YES;
				CLANG_WARN_OBJC_LITERAL_CONVERSION = YES;
				CLANG_WARN_OBJC_ROOT_CLASS = YES_ERROR;
				CLANG_WARN_RANGE_LOOP_ANALYSIS = YES;
				CLANG_WARN_STRICT_PROTOTYPES = YES;
				CLANG_WARN_SUSPICIOUS_MOVE = YES;
				CLANG_WARN_UNGUARDED_AVAILABILITY = YES_AGGRESSIVE;
				CLANG_WARN_UNREACHABLE_CODE = YES;
				CLANG_WARN__DUPLICATE_METHOD_MATCH = YES;
				CODE_SIGN_IDENTITY = "iPhone Developer";
				COPY_PHASE_STRIP = NO;
				DEBUG_INFORMATION_FORMAT = dwarf;
				ENABLE_STRICT_OBJC_MSGSEND = YES;
				ENABLE_TESTABILITY = YES;
				GCC_C_LANGUAGE_STANDARD = gnu11;
				GCC_DYNAMIC_NO_PIC = NO;
				GCC_NO_COMMON_BLOCKS = YES;
				GCC_OPTIMIZATION_LEVEL = 0;
				GCC_PREPROCESSOR_DEFINITIONS = (
					"DEBUG=1",
					"$(inherited)",
				);
				GCC_WARN_64_TO_32_BIT_CONVERSION = YES;
				GCC_WARN_ABOUT_RETURN_TYPE = YES_ERROR;
				GCC_WARN_UNDECLARED_SELECTOR = YES;
				GCC_WARN_UNINITIALIZED_AUTOS = YES_AGGRESSIVE;
				GCC_WARN_UNUSED_FUNCTION = YES;
				GCC_WARN_UNUSED_VARIABLE = YES;
				IPHONEOS_DEPLOYMENT_TARGET = 11.3;
				MTL_ENABLE_DEBUG_INFO = YES;
				ONLY_ACTIVE_ARCH = YES;
				SDKROOT = iphoneos;
				SWIFT_ACTIVE_COMPILATION_CONDITIONS = DEBUG;
				SWIFT_OPTIMIZATION_LEVEL = "-Onone";
			};
			name = Debug;
		};
		4893771A2075A47600FAC527 /* Release */ = {
			isa = XCBuildConfiguration;
			buildSettings = {
				ALWAYS_SEARCH_USER_PATHS = NO;
				CLANG_ANALYZER_NONNULL = YES;
				CLANG_ANALYZER_NUMBER_OBJECT_CONVERSION = YES_AGGRESSIVE;
				CLANG_CXX_LANGUAGE_STANDARD = "gnu++14";
				CLANG_CXX_LIBRARY = "libc++";
				CLANG_ENABLE_MODULES = YES;
				CLANG_ENABLE_OBJC_ARC = YES;
				CLANG_ENABLE_OBJC_WEAK = YES;
				CLANG_WARN_BLOCK_CAPTURE_AUTORELEASING = YES;
				CLANG_WARN_BOOL_CONVERSION = YES;
				CLANG_WARN_COMMA = YES;
				CLANG_WARN_CONSTANT_CONVERSION = YES;
				CLANG_WARN_DEPRECATED_OBJC_IMPLEMENTATIONS = YES;
				CLANG_WARN_DIRECT_OBJC_ISA_USAGE = YES_ERROR;
				CLANG_WARN_DOCUMENTATION_COMMENTS = YES;
				CLANG_WARN_EMPTY_BODY = YES;
				CLANG_WARN_ENUM_CONVERSION = YES;
				CLANG_WARN_INFINITE_RECURSION = YES;
				CLANG_WARN_INT_CONVERSION = YES;
				CLANG_WARN_NON_LITERAL_NULL_CONVERSION = YES;
				CLANG_WARN_OBJC_IMPLICIT_RETAIN_SELF = YES;
				CLANG_WARN_OBJC_LITERAL_CONVERSION = YES;
				CLANG_WARN_OBJC_ROOT_CLASS = YES_ERROR;
				CLANG_WARN_RANGE_LOOP_ANALYSIS = YES;
				CLANG_WARN_STRICT_PROTOTYPES = YES;
				CLANG_WARN_SUSPICIOUS_MOVE = YES;
				CLANG_WARN_UNGUARDED_AVAILABILITY = YES_AGGRESSIVE;
				CLANG_WARN_UNREACHABLE_CODE = YES;
				CLANG_WARN__DUPLICATE_METHOD_MATCH = YES;
				CODE_SIGN_IDENTITY = "iPhone Developer";
				COPY_PHASE_STRIP = NO;
				DEBUG_INFORMATION_FORMAT = "dwarf-with-dsym";
				ENABLE_NS_ASSERTIONS = NO;
				ENABLE_STRICT_OBJC_MSGSEND = YES;
				GCC_C_LANGUAGE_STANDARD = gnu11;
				GCC_NO_COMMON_BLOCKS = YES;
				GCC_WARN_64_TO_32_BIT_CONVERSION = YES;
				GCC_WARN_ABOUT_RETURN_TYPE = YES_ERROR;
				GCC_WARN_UNDECLARED_SELECTOR = YES;
				GCC_WARN_UNINITIALIZED_AUTOS = YES_AGGRESSIVE;
				GCC_WARN_UNUSED_FUNCTION = YES;
				GCC_WARN_UNUSED_VARIABLE = YES;
				IPHONEOS_DEPLOYMENT_TARGET = 11.3;
				MTL_ENABLE_DEBUG_INFO = NO;
				SDKROOT = iphoneos;
				SWIFT_COMPILATION_MODE = wholemodule;
				SWIFT_OPTIMIZATION_LEVEL = "-O";
				VALIDATE_PRODUCT = YES;
			};
			name = Release;
		};
		4893771C2075A47600FAC527 /* Debug */ = {
			isa = XCBuildConfiguration;
			buildSettings = {
				ASSETCATALOG_COMPILER_APPICON_NAME = AppIcon;
				CODE_SIGN_STYLE = Automatic;
				DEVELOPMENT_TEAM = PEDVQ936L6;
				INFOPLIST_FILE = BreedPic/Info.plist;
				LD_RUNPATH_SEARCH_PATHS = (
					"$(inherited)",
					"@executable_path/Frameworks",
				);
				PRODUCT_BUNDLE_IDENTIFIER = com.edc0der.BreedPic;
				PRODUCT_NAME = "$(TARGET_NAME)";
				SWIFT_VERSION = 4.0;
				TARGETED_DEVICE_FAMILY = "1,2";
			};
			name = Debug;
		};
		4893771D2075A47600FAC527 /* Release */ = {
			isa = XCBuildConfiguration;
			buildSettings = {
				ASSETCATALOG_COMPILER_APPICON_NAME = AppIcon;
				CODE_SIGN_STYLE = Automatic;
				DEVELOPMENT_TEAM = PEDVQ936L6;
				INFOPLIST_FILE = BreedPic/Info.plist;
				LD_RUNPATH_SEARCH_PATHS = (
					"$(inherited)",
					"@executable_path/Frameworks",
				);
				PRODUCT_BUNDLE_IDENTIFIER = com.edc0der.BreedPic;
				PRODUCT_NAME = "$(TARGET_NAME)";
				SWIFT_VERSION = 4.0;
				TARGETED_DEVICE_FAMILY = "1,2";
			};
			name = Release;
		};
		4893771F2075A47600FAC527 /* Debug */ = {
			isa = XCBuildConfiguration;
			buildSettings = {
				ALWAYS_EMBED_SWIFT_STANDARD_LIBRARIES = YES;
				BUNDLE_LOADER = "$(TEST_HOST)";
				CODE_SIGN_STYLE = Automatic;
				DEVELOPMENT_TEAM = PEDVQ936L6;
				INFOPLIST_FILE = BreedPicTests/Info.plist;
				LD_RUNPATH_SEARCH_PATHS = (
					"$(inherited)",
					"@executable_path/Frameworks",
					"@loader_path/Frameworks",
				);
				PRODUCT_BUNDLE_IDENTIFIER = com.edc0der.BreedPicTests;
				PRODUCT_NAME = "$(TARGET_NAME)";
				SWIFT_VERSION = 4.0;
				TARGETED_DEVICE_FAMILY = "1,2";
				TEST_HOST = "$(BUILT_PRODUCTS_DIR)/BreedPic.app/BreedPic";
			};
			name = Debug;
		};
		489377202075A47600FAC527 /* Release */ = {
			isa = XCBuildConfiguration;
			buildSettings = {
				ALWAYS_EMBED_SWIFT_STANDARD_LIBRARIES = YES;
				BUNDLE_LOADER = "$(TEST_HOST)";
				CODE_SIGN_STYLE = Automatic;
				DEVELOPMENT_TEAM = PEDVQ936L6;
				INFOPLIST_FILE = BreedPicTests/Info.plist;
				LD_RUNPATH_SEARCH_PATHS = (
					"$(inherited)",
					"@executable_path/Frameworks",
					"@loader_path/Frameworks",
				);
				PRODUCT_BUNDLE_IDENTIFIER = com.edc0der.BreedPicTests;
				PRODUCT_NAME = "$(TARGET_NAME)";
				SWIFT_VERSION = 4.0;
				TARGETED_DEVICE_FAMILY = "1,2";
				TEST_HOST = "$(BUILT_PRODUCTS_DIR)/BreedPic.app/BreedPic";
			};
			name = Release;
		};
/* End XCBuildConfiguration section */

/* Begin XCConfigurationList section */
		489376F72075A47500FAC527 /* Build configuration list for PBXProject "BreedPic" */ = {
			isa = XCConfigurationList;
			buildConfigurations = (
				489377192075A47600FAC527 /* Debug */,
				4893771A2075A47600FAC527 /* Release */,
			);
			defaultConfigurationIsVisible = 0;
			defaultConfigurationName = Release;
		};
		4893771B2075A47600FAC527 /* Build configuration list for PBXNativeTarget "BreedPic" */ = {
			isa = XCConfigurationList;
			buildConfigurations = (
				4893771C2075A47600FAC527 /* Debug */,
				4893771D2075A47600FAC527 /* Release */,
			);
			defaultConfigurationIsVisible = 0;
			defaultConfigurationName = Release;
		};
		4893771E2075A47600FAC527 /* Build configuration list for PBXNativeTarget "BreedPicTests" */ = {
			isa = XCConfigurationList;
			buildConfigurations = (
				4893771F2075A47600FAC527 /* Debug */,
				489377202075A47600FAC527 /* Release */,
			);
			defaultConfigurationIsVisible = 0;
			defaultConfigurationName = Release;
		};
/* End XCConfigurationList section */
	};
	rootObject = 489376F42075A47500FAC527 /* Project object */;
}
