// !$*UTF8*$!
{
	archiveVersion = 1;
	classes = {
	};
	objectVersion = 50;
	objects = {

/* Begin PBXBuildFile section */
		489377002075A47500FAC527 /* AppDelegate.swift in Sources */ = {isa = PBXBuildFile; fileRef = 489376FF2075A47500FAC527 /* AppDelegate.swift */; };
		489377072075A47500FAC527 /* Main.storyboard in Resources */ = {isa = PBXBuildFile; fileRef = 489377052075A47500FAC527 /* Main.storyboard */; };
		489377092075A47600FAC527 /* Assets.xcassets in Resources */ = {isa = PBXBuildFile; fileRef = 489377082075A47600FAC527 /* Assets.xcassets */; };
		4893770C2075A47600FAC527 /* LaunchScreen.storyboard in Resources */ = {isa = PBXBuildFile; fileRef = 4893770A2075A47600FAC527 /* LaunchScreen.storyboard */; };
		489377172075A47600FAC527 /* BreedPicTests.swift in Sources */ = {isa = PBXBuildFile; fileRef = 489377162075A47600FAC527 /* BreedPicTests.swift */; };
		489377282075A81800FAC527 /* LaunchAnimationVC.swift in Sources */ = {isa = PBXBuildFile; fileRef = 489377262075A81800FAC527 /* LaunchAnimationVC.swift */; };
		4893772B2075AA9E00FAC527 /* MainTabBarVC.swift in Sources */ = {isa = PBXBuildFile; fileRef = 4893772A2075AA9E00FAC527 /* MainTabBarVC.swift */; };
		4893772E2075AC5600FAC527 /* Breed.swift in Sources */ = {isa = PBXBuildFile; fileRef = 4893772D2075AC5600FAC527 /* Breed.swift */; };
		489377302075AC9000FAC527 /* BreedRouter.swift in Sources */ = {isa = PBXBuildFile; fileRef = 4893772F2075AC9000FAC527 /* BreedRouter.swift */; };
		6A7730940F0B35397AF73CF5 /* Pods_BreedPicTests.framework in Frameworks */ = {isa = PBXBuildFile; fileRef = 61099F2E0A92DF72C8B386FA /* Pods_BreedPicTests.framework */; };
		A8DA37B8718786ED8E6004CA /* Pods_BreedPic.framework in Frameworks */ = {isa = PBXBuildFile; fileRef = FC1630497490CEDA0C26AA89 /* Pods_BreedPic.framework */; };
/* End PBXBuildFile section */

/* Begin PBXContainerItemProxy section */
		489377132075A47600FAC527 /* PBXContainerItemProxy */ = {
			isa = PBXContainerItemProxy;
			containerPortal = 489376F42075A47500FAC527 /* Project object */;
			proxyType = 1;
			remoteGlobalIDString = 489376FB2075A47500FAC527;
			remoteInfo = BreedPic;
		};
/* End PBXContainerItemProxy section */

/* Begin PBXFileReference section */
		489376FC2075A47500FAC527 /* BreedPic.app */ = {isa = PBXFileReference; explicitFileType = wrapper.application; includeInIndex = 0; path = BreedPic.app; sourceTree = BUILT_PRODUCTS_DIR; };
		489376FF2075A47500FAC527 /* AppDelegate.swift */ = {isa = PBXFileReference; lastKnownFileType = sourcecode.swift; path = AppDelegate.swift; sourceTree = "<group>"; };
		489377062075A47500FAC527 /* Base */ = {isa = PBXFileReference; lastKnownFileType = file.storyboard; name = Base; path = Base.lproj/Main.storyboard; sourceTree = "<group>"; };
		489377082075A47600FAC527 /* Assets.xcassets */ = {isa = PBXFileReference; lastKnownFileType = folder.assetcatalog; path = Assets.xcassets; sourceTree = "<group>"; };
		4893770B2075A47600FAC527 /* Base */ = {isa = PBXFileReference; lastKnownFileType = file.storyboard; name = Base; path = Base.lproj/LaunchScreen.storyboard; sourceTree = "<group>"; };
		4893770D2075A47600FAC527 /* Info.plist */ = {isa = PBXFileReference; lastKnownFileType = text.plist.xml; path = Info.plist; sourceTree = "<group>"; };
		489377122075A47600FAC527 /* BreedPicTests.xctest */ = {isa = PBXFileReference; explicitFileType = wrapper.cfbundle; includeInIndex = 0; path = BreedPicTests.xctest; sourceTree = BUILT_PRODUCTS_DIR; };
		489377162075A47600FAC527 /* BreedPicTests.swift */ = {isa = PBXFileReference; lastKnownFileType = sourcecode.swift; path = BreedPicTests.swift; sourceTree = "<group>"; };
		489377182075A47600FAC527 /* Info.plist */ = {isa = PBXFileReference; lastKnownFileType = text.plist.xml; path = Info.plist; sourceTree = "<group>"; };
		489377262075A81800FAC527 /* LaunchAnimationVC.swift */ = {isa = PBXFileReference; lastKnownFileType = sourcecode.swift; path = LaunchAnimationVC.swift; sourceTree = "<group>"; };
		4893772A2075AA9E00FAC527 /* MainTabBarVC.swift */ = {isa = PBXFileReference; lastKnownFileType = sourcecode.swift; path = MainTabBarVC.swift; sourceTree = "<group>"; };
		4893772D2075AC5600FAC527 /* Breed.swift */ = {isa = PBXFileReference; lastKnownFileType = sourcecode.swift; path = Breed.swift; sourceTree = "<group>"; };
		4893772F2075AC9000FAC527 /* BreedRouter.swift */ = {isa = PBXFileReference; lastKnownFileType = sourcecode.swift; path = BreedRouter.swift; sourceTree = "<group>"; };
		61099F2E0A92DF72C8B386FA /* Pods_BreedPicTests.framework */ = {isa = PBXFileReference; explicitFileType = wrapper.framework; includeInIndex = 0; path = Pods_BreedPicTests.framework; sourceTree = BUILT_PRODUCTS_DIR; };
		84E9BBA66332C5F6061C69AE /* Pods-BreedPic.release.xcconfig */ = {isa = PBXFileReference; includeInIndex = 1; lastKnownFileType = text.xcconfig; name = "Pods-BreedPic.release.xcconfig"; path = "Pods/Target Support Files/Pods-BreedPic/Pods-BreedPic.release.xcconfig"; sourceTree = "<group>"; };
		93D6FE62FA61611370C2983D /* Pods-BreedPicTests.release.xcconfig */ = {isa = PBXFileReference; includeInIndex = 1; lastKnownFileType = text.xcconfig; name = "Pods-BreedPicTests.release.xcconfig"; path = "Pods/Target Support Files/Pods-BreedPicTests/Pods-BreedPicTests.release.xcconfig"; sourceTree = "<group>"; };
		9FB02CC5106E65C5DFFC75FA /* Pods-BreedPic.debug.xcconfig */ = {isa = PBXFileReference; includeInIndex = 1; lastKnownFileType = text.xcconfig; name = "Pods-BreedPic.debug.xcconfig"; path = "Pods/Target Support Files/Pods-BreedPic/Pods-BreedPic.debug.xcconfig"; sourceTree = "<group>"; };
		D9F2B45ABC69C5F207E42BD4 /* Pods-BreedPicTests.debug.xcconfig */ = {isa = PBXFileReference; includeInIndex = 1; lastKnownFileType = text.xcconfig; name = "Pods-BreedPicTests.debug.xcconfig"; path = "Pods/Target Support Files/Pods-BreedPicTests/Pods-BreedPicTests.debug.xcconfig"; sourceTree = "<group>"; };
		FC1630497490CEDA0C26AA89 /* Pods_BreedPic.framework */ = {isa = PBXFileReference; explicitFileType = wrapper.framework; includeInIndex = 0; path = Pods_BreedPic.framework; sourceTree = BUILT_PRODUCTS_DIR; };
/* End PBXFileReference section */

/* Begin PBXFrameworksBuildPhase section */
		489376F92075A47500FAC527 /* Frameworks */ = {
			isa = PBXFrameworksBuildPhase;
			buildActionMask = 2147483647;
			files = (
				A8DA37B8718786ED8E6004CA /* Pods_BreedPic.framework in Frameworks */,
			);
			runOnlyForDeploymentPostprocessing = 0;
		};
		4893770F2075A47600FAC527 /* Frameworks */ = {
			isa = PBXFrameworksBuildPhase;
			buildActionMask = 2147483647;
			files = (
				6A7730940F0B35397AF73CF5 /* Pods_BreedPicTests.framework in Frameworks */,
			);
			runOnlyForDeploymentPostprocessing = 0;
		};
/* End PBXFrameworksBuildPhase section */

/* Begin PBXGroup section */
		3034B536825EF47913D9489E /* Pods */ = {
			isa = PBXGroup;
			children = (
				9FB02CC5106E65C5DFFC75FA /* Pods-BreedPic.debug.xcconfig */,
				84E9BBA66332C5F6061C69AE /* Pods-BreedPic.release.xcconfig */,
				D9F2B45ABC69C5F207E42BD4 /* Pods-BreedPicTests.debug.xcconfig */,
				93D6FE62FA61611370C2983D /* Pods-BreedPicTests.release.xcconfig */,
			);
			name = Pods;
			sourceTree = "<group>";
		};
		489376F32075A47500FAC527 = {
			isa = PBXGroup;
			children = (
				489376FE2075A47500FAC527 /* BreedPic */,
				489377152075A47600FAC527 /* BreedPicTests */,
				489376FD2075A47500FAC527 /* Products */,
				3034B536825EF47913D9489E /* Pods */,
				B9318FD13379274D711E6184 /* Frameworks */,
			);
			sourceTree = "<group>";
		};
		489376FD2075A47500FAC527 /* Products */ = {
			isa = PBXGroup;
			children = (
				489376FC2075A47500FAC527 /* BreedPic.app */,
				489377122075A47600FAC527 /* BreedPicTests.xctest */,
			);
			name = Products;
			sourceTree = "<group>";
		};
		489376FE2075A47500FAC527 /* BreedPic */ = {
			isa = PBXGroup;
			children = (
				4893772C2075AC3C00FAC527 /* Models */,
				489377252075A7C600FAC527 /* Stores */,
				489377242075A79900FAC527 /* Resources */,
				489377232075A74000FAC527 /* ViewModels */,
				489377222075A73A00FAC527 /* Views */,
				489377212075A72D00FAC527 /* Controllers */,
				489376FF2075A47500FAC527 /* AppDelegate.swift */,
				489377082075A47600FAC527 /* Assets.xcassets */,
				4893770D2075A47600FAC527 /* Info.plist */,
			);
			path = BreedPic;
			sourceTree = "<group>";
		};
		489377152075A47600FAC527 /* BreedPicTests */ = {
			isa = PBXGroup;
			children = (
				489377162075A47600FAC527 /* BreedPicTests.swift */,
				489377182075A47600FAC527 /* Info.plist */,
			);
			path = BreedPicTests;
			sourceTree = "<group>";
		};
		489377212075A72D00FAC527 /* Controllers */ = {
			isa = PBXGroup;
			children = (
				489377262075A81800FAC527 /* LaunchAnimationVC.swift */,
				4893772A2075AA9E00FAC527 /* MainTabBarVC.swift */,
			);
			path = Controllers;
			sourceTree = "<group>";
		};
		489377222075A73A00FAC527 /* Views */ = {
			isa = PBXGroup;
			children = (
				4893770A2075A47600FAC527 /* LaunchScreen.storyboard */,
				489377052075A47500FAC527 /* Main.storyboard */,
			);
			path = Views;
			sourceTree = "<group>";
		};
		489377232075A74000FAC527 /* ViewModels */ = {
			isa = PBXGroup;
			children = (
			);
			path = ViewModels;
			sourceTree = "<group>";
		};
		489377242075A79900FAC527 /* Resources */ = {
			isa = PBXGroup;
			children = (
			);
			path = Resources;
			sourceTree = "<group>";
		};
		489377252075A7C600FAC527 /* Stores */ = {
			isa = PBXGroup;
			children = (
				4893772F2075AC9000FAC527 /* BreedRouter.swift */,
			);
			path = Stores;
			sourceTree = "<group>";
		};
		4893772C2075AC3C00FAC527 /* Models */ = {
			isa = PBXGroup;
			children = (
				4893772D2075AC5600FAC527 /* Breed.swift */,
			);
			path = Models;
			sourceTree = "<group>";
		};
		B9318FD13379274D711E6184 /* Frameworks */ = {
			isa = PBXGroup;
			children = (
				FC1630497490CEDA0C26AA89 /* Pods_BreedPic.framework */,
				61099F2E0A92DF72C8B386FA /* Pods_BreedPicTests.framework */,
			);
			name = Frameworks;
			sourceTree = "<group>";
		};
/* End PBXGroup section */

/* Begin PBXNativeTarget section */
		489376FB2075A47500FAC527 /* BreedPic */ = {
			isa = PBXNativeTarget;
			buildConfigurationList = 4893771B2075A47600FAC527 /* Build configuration list for PBXNativeTarget "BreedPic" */;
			buildPhases = (
				E63C82BDBC31452E2903A766 /* [CP] Check Pods Manifest.lock */,
				489376F82075A47500FAC527 /* Sources */,
				489376F92075A47500FAC527 /* Frameworks */,
				489376FA2075A47500FAC527 /* Resources */,
				F33781213313D1BDEE2D91A9 /* [CP] Embed Pods Frameworks */,
				988B6D6A23B7E35CD0A17A71 /* [CP] Copy Pods Resources */,
			);
			buildRules = (
			);
			dependencies = (
			);
			name = BreedPic;
			productName = BreedPic;
			productReference = 489376FC2075A47500FAC527 /* BreedPic.app */;
			productType = "com.apple.product-type.application";
		};
		489377112075A47600FAC527 /* BreedPicTests */ = {
			isa = PBXNativeTarget;
			buildConfigurationList = 4893771E2075A47600FAC527 /* Build configuration list for PBXNativeTarget "BreedPicTests" */;
			buildPhases = (
				D4C9E07FFF8C3B817080C48B /* [CP] Check Pods Manifest.lock */,
				4893770E2075A47600FAC527 /* Sources */,
				4893770F2075A47600FAC527 /* Frameworks */,
				489377102075A47600FAC527 /* Resources */,
				CD577D1B8162BFCB0ECBD1AD /* [CP] Embed Pods Frameworks */,
				45C5F981C40FC67A2AC632C3 /* [CP] Copy Pods Resources */,
			);
			buildRules = (
			);
			dependencies = (
				489377142075A47600FAC527 /* PBXTargetDependency */,
			);
			name = BreedPicTests;
			productName = BreedPicTests;
			productReference = 489377122075A47600FAC527 /* BreedPicTests.xctest */;
			productType = "com.apple.product-type.bundle.unit-test";
		};
/* End PBXNativeTarget section */

/* Begin PBXProject section */
		489376F42075A47500FAC527 /* Project object */ = {
			isa = PBXProject;
			attributes = {
				LastSwiftUpdateCheck = 0930;
				LastUpgradeCheck = 0930;
				ORGANIZATIONNAME = "Eduard Moya";
				TargetAttributes = {
					489376FB2075A47500FAC527 = {
						CreatedOnToolsVersion = 9.3;
					};
					489377112075A47600FAC527 = {
						CreatedOnToolsVersion = 9.3;
						TestTargetID = 489376FB2075A47500FAC527;
					};
				};
			};
			buildConfigurationList = 489376F72075A47500FAC527 /* Build configuration list for PBXProject "BreedPic" */;
			compatibilityVersion = "Xcode 9.3";
			developmentRegion = en;
			hasScannedForEncodings = 0;
			knownRegions = (
				en,
				Base,
			);
			mainGroup = 489376F32075A47500FAC527;
			productRefGroup = 489376FD2075A47500FAC527 /* Products */;
			projectDirPath = "";
			projectRoot = "";
			targets = (
				489376FB2075A47500FAC527 /* BreedPic */,
				489377112075A47600FAC527 /* BreedPicTests */,
			);
		};
/* End PBXProject section */

/* Begin PBXResourcesBuildPhase section */
		489376FA2075A47500FAC527 /* Resources */ = {
			isa = PBXResourcesBuildPhase;
			buildActionMask = 2147483647;
			files = (
				4893770C2075A47600FAC527 /* LaunchScreen.storyboard in Resources */,
				489377092075A47600FAC527 /* Assets.xcassets in Resources */,
				489377072075A47500FAC527 /* Main.storyboard in Resources */,
			);
			runOnlyForDeploymentPostprocessing = 0;
		};
		489377102075A47600FAC527 /* Resources */ = {
			isa = PBXResourcesBuildPhase;
			buildActionMask = 2147483647;
			files = (
			);
			runOnlyForDeploymentPostprocessing = 0;
		};
/* End PBXResourcesBuildPhase section */

/* Begin PBXShellScriptBuildPhase section */
		45C5F981C40FC67A2AC632C3 /* [CP] Copy Pods Resources */ = {
			isa = PBXShellScriptBuildPhase;
			buildActionMask = 2147483647;
			files = (
			);
			inputPaths = (
			);
			name = "[CP] Copy Pods Resources";
			outputPaths = (
			);
			runOnlyForDeploymentPostprocessing = 0;
			shellPath = /bin/sh;
			shellScript = "\"${SRCROOT}/Pods/Target Support Files/Pods-BreedPicTests/Pods-BreedPicTests-resources.sh\"\n";
			showEnvVarsInLog = 0;
		};
		988B6D6A23B7E35CD0A17A71 /* [CP] Copy Pods Resources */ = {
			isa = PBXShellScriptBuildPhase;
			buildActionMask = 2147483647;
			files = (
			);
			inputPaths = (
			);
			name = "[CP] Copy Pods Resources";
			outputPaths = (
			);
			runOnlyForDeploymentPostprocessing = 0;
			shellPath = /bin/sh;
			shellScript = "\"${SRCROOT}/Pods/Target Support Files/Pods-BreedPic/Pods-BreedPic-resources.sh\"\n";
			showEnvVarsInLog = 0;
		};
		CD577D1B8162BFCB0ECBD1AD /* [CP] Embed Pods Frameworks */ = {
			isa = PBXShellScriptBuildPhase;
			buildActionMask = 2147483647;
			files = (
			);
			inputPaths = (
			);
			name = "[CP] Embed Pods Frameworks";
			outputPaths = (
			);
			runOnlyForDeploymentPostprocessing = 0;
			shellPath = /bin/sh;
			shellScript = "\"${SRCROOT}/Pods/Target Support Files/Pods-BreedPicTests/Pods-BreedPicTests-frameworks.sh\"\n";
			showEnvVarsInLog = 0;
		};
		D4C9E07FFF8C3B817080C48B /* [CP] Check Pods Manifest.lock */ = {
			isa = PBXShellScriptBuildPhase;
			buildActionMask = 2147483647;
			files = (
			);
			inputPaths = (
				"${PODS_PODFILE_DIR_PATH}/Podfile.lock",
				"${PODS_ROOT}/Manifest.lock",
			);
			name = "[CP] Check Pods Manifest.lock";
			outputPaths = (
				"$(DERIVED_FILE_DIR)/Pods-BreedPicTests-checkManifestLockResult.txt",
			);
			runOnlyForDeploymentPostprocessing = 0;
			shellPath = /bin/sh;
			shellScript = "diff \"${PODS_PODFILE_DIR_PATH}/Podfile.lock\" \"${PODS_ROOT}/Manifest.lock\" > /dev/null\nif [ $? != 0 ] ; then\n    # print error to STDERR\n    echo \"error: The sandbox is not in sync with the Podfile.lock. Run 'pod install' or update your CocoaPods installation.\" >&2\n    exit 1\nfi\n# This output is used by Xcode 'outputs' to avoid re-running this script phase.\necho \"SUCCESS\" > \"${SCRIPT_OUTPUT_FILE_0}\"\n";
			showEnvVarsInLog = 0;
		};
		E63C82BDBC31452E2903A766 /* [CP] Check Pods Manifest.lock */ = {
			isa = PBXShellScriptBuildPhase;
			buildActionMask = 2147483647;
			files = (
			);
			inputPaths = (
				"${PODS_PODFILE_DIR_PATH}/Podfile.lock",
				"${PODS_ROOT}/Manifest.lock",
			);
			name = "[CP] Check Pods Manifest.lock";
			outputPaths = (
				"$(DERIVED_FILE_DIR)/Pods-BreedPic-checkManifestLockResult.txt",
			);
			runOnlyForDeploymentPostprocessing = 0;
			shellPath = /bin/sh;
			shellScript = "diff \"${PODS_PODFILE_DIR_PATH}/Podfile.lock\" \"${PODS_ROOT}/Manifest.lock\" > /dev/null\nif [ $? != 0 ] ; then\n    # print error to STDERR\n    echo \"error: The sandbox is not in sync with the Podfile.lock. Run 'pod install' or update your CocoaPods installation.\" >&2\n    exit 1\nfi\n# This output is used by Xcode 'outputs' to avoid re-running this script phase.\necho \"SUCCESS\" > \"${SCRIPT_OUTPUT_FILE_0}\"\n";
			showEnvVarsInLog = 0;
		};
		F33781213313D1BDEE2D91A9 /* [CP] Embed Pods Frameworks */ = {
			isa = PBXShellScriptBuildPhase;
			buildActionMask = 2147483647;
			files = (
			);
			inputPaths = (
				"${SRCROOT}/Pods/Target Support Files/Pods-BreedPic/Pods-BreedPic-frameworks.sh",
				"${BUILT_PRODUCTS_DIR}/Alamofire/Alamofire.framework",
			);
			name = "[CP] Embed Pods Frameworks";
			outputPaths = (
				"${TARGET_BUILD_DIR}/${FRAMEWORKS_FOLDER_PATH}/Alamofire.framework",
			);
			runOnlyForDeploymentPostprocessing = 0;
			shellPath = /bin/sh;
			shellScript = "\"${SRCROOT}/Pods/Target Support Files/Pods-BreedPic/Pods-BreedPic-frameworks.sh\"\n";
			showEnvVarsInLog = 0;
		};
/* End PBXShellScriptBuildPhase section */

/* Begin PBXSourcesBuildPhase section */
		489376F82075A47500FAC527 /* Sources */ = {
			isa = PBXSourcesBuildPhase;
			buildActionMask = 2147483647;
			files = (
				4893772E2075AC5600FAC527 /* Breed.swift in Sources */,
				4893772B2075AA9E00FAC527 /* MainTabBarVC.swift in Sources */,
				489377002075A47500FAC527 /* AppDelegate.swift in Sources */,
				489377302075AC9000FAC527 /* BreedRouter.swift in Sources */,
				489377282075A81800FAC527 /* LaunchAnimationVC.swift in Sources */,
			);
			runOnlyForDeploymentPostprocessing = 0;
		};
		4893770E2075A47600FAC527 /* Sources */ = {
			isa = PBXSourcesBuildPhase;
			buildActionMask = 2147483647;
			files = (
				489377172075A47600FAC527 /* BreedPicTests.swift in Sources */,
			);
			runOnlyForDeploymentPostprocessing = 0;
		};
/* End PBXSourcesBuildPhase section */

/* Begin PBXTargetDependency section */
		489377142075A47600FAC527 /* PBXTargetDependency */ = {
			isa = PBXTargetDependency;
			target = 489376FB2075A47500FAC527 /* BreedPic */;
			targetProxy = 489377132075A47600FAC527 /* PBXContainerItemProxy */;
		};
/* End PBXTargetDependency section */

/* Begin PBXVariantGroup section */
		489377052075A47500FAC527 /* Main.storyboard */ = {
			isa = PBXVariantGroup;
			children = (
				489377062075A47500FAC527 /* Base */,
			);
			name = Main.storyboard;
			sourceTree = "<group>";
		};
		4893770A2075A47600FAC527 /* LaunchScreen.storyboard */ = {
			isa = PBXVariantGroup;
			children = (
				4893770B2075A47600FAC527 /* Base */,
			);
			name = LaunchScreen.storyboard;
			sourceTree = "<group>";
		};
/* End PBXVariantGroup section */

/* Begin XCBuildConfiguration section */
		489377192075A47600FAC527 /* Debug */ = {
			isa = XCBuildConfiguration;
			buildSettings = {
				ALWAYS_SEARCH_USER_PATHS = NO;
				CLANG_ANALYZER_NONNULL = YES;
				CLANG_ANALYZER_NUMBER_OBJECT_CONVERSION = YES_AGGRESSIVE;
				CLANG_CXX_LANGUAGE_STANDARD = "gnu++14";
				CLANG_CXX_LIBRARY = "libc++";
				CLANG_ENABLE_MODULES = YES;
				CLANG_ENABLE_OBJC_ARC = YES;
				CLANG_ENABLE_OBJC_WEAK = YES;
				CLANG_WARN_BLOCK_CAPTURE_AUTORELEASING = YES;
				CLANG_WARN_BOOL_CONVERSION = YES;
				CLANG_WARN_COMMA = YES;
				CLANG_WARN_CONSTANT_CONVERSION = YES;
				CLANG_WARN_DEPRECATED_OBJC_IMPLEMENTATIONS = YES;
				CLANG_WARN_DIRECT_OBJC_ISA_USAGE = YES_ERROR;
				CLANG_WARN_DOCUMENTATION_COMMENTS = YES;
				CLANG_WARN_EMPTY_BODY = YES;
				CLANG_WARN_ENUM_CONVERSION = YES;
				CLANG_WARN_INFINITE_RECURSION = YES;
				CLANG_WARN_INT_CONVERSION = YES;
				CLANG_WARN_NON_LITERAL_NULL_CONVERSION = YES;
				CLANG_WARN_OBJC_IMPLICIT_RETAIN_SELF = YES;
				CLANG_WARN_OBJC_LITERAL_CONVERSION = YES;
				CLANG_WARN_OBJC_ROOT_CLASS = YES_ERROR;
				CLANG_WARN_RANGE_LOOP_ANALYSIS = YES;
				CLANG_WARN_STRICT_PROTOTYPES = YES;
				CLANG_WARN_SUSPICIOUS_MOVE = YES;
				CLANG_WARN_UNGUARDED_AVAILABILITY = YES_AGGRESSIVE;
				CLANG_WARN_UNREACHABLE_CODE = YES;
				CLANG_WARN__DUPLICATE_METHOD_MATCH = YES;
				CODE_SIGN_IDENTITY = "iPhone Developer";
				COPY_PHASE_STRIP = NO;
				DEBUG_INFORMATION_FORMAT = dwarf;
				ENABLE_STRICT_OBJC_MSGSEND = YES;
				ENABLE_TESTABILITY = YES;
				GCC_C_LANGUAGE_STANDARD = gnu11;
				GCC_DYNAMIC_NO_PIC = NO;
				GCC_NO_COMMON_BLOCKS = YES;
				GCC_OPTIMIZATION_LEVEL = 0;
				GCC_PREPROCESSOR_DEFINITIONS = (
					"DEBUG=1",
					"$(inherited)",
				);
				GCC_WARN_64_TO_32_BIT_CONVERSION = YES;
				GCC_WARN_ABOUT_RETURN_TYPE = YES_ERROR;
				GCC_WARN_UNDECLARED_SELECTOR = YES;
				GCC_WARN_UNINITIALIZED_AUTOS = YES_AGGRESSIVE;
				GCC_WARN_UNUSED_FUNCTION = YES;
				GCC_WARN_UNUSED_VARIABLE = YES;
				IPHONEOS_DEPLOYMENT_TARGET = 11.3;
				MTL_ENABLE_DEBUG_INFO = YES;
				ONLY_ACTIVE_ARCH = YES;
				SDKROOT = iphoneos;
				SWIFT_ACTIVE_COMPILATION_CONDITIONS = DEBUG;
				SWIFT_OPTIMIZATION_LEVEL = "-Onone";
			};
			name = Debug;
		};
		4893771A2075A47600FAC527 /* Release */ = {
			isa = XCBuildConfiguration;
			buildSettings = {
				ALWAYS_SEARCH_USER_PATHS = NO;
				CLANG_ANALYZER_NONNULL = YES;
				CLANG_ANALYZER_NUMBER_OBJECT_CONVERSION = YES_AGGRESSIVE;
				CLANG_CXX_LANGUAGE_STANDARD = "gnu++14";
				CLANG_CXX_LIBRARY = "libc++";
				CLANG_ENABLE_MODULES = YES;
				CLANG_ENABLE_OBJC_ARC = YES;
				CLANG_ENABLE_OBJC_WEAK = YES;
				CLANG_WARN_BLOCK_CAPTURE_AUTORELEASING = YES;
				CLANG_WARN_BOOL_CONVERSION = YES;
				CLANG_WARN_COMMA = YES;
				CLANG_WARN_CONSTANT_CONVERSION = YES;
				CLANG_WARN_DEPRECATED_OBJC_IMPLEMENTATIONS = YES;
				CLANG_WARN_DIRECT_OBJC_ISA_USAGE = YES_ERROR;
				CLANG_WARN_DOCUMENTATION_COMMENTS = YES;
				CLANG_WARN_EMPTY_BODY = YES;
				CLANG_WARN_ENUM_CONVERSION = YES;
				CLANG_WARN_INFINITE_RECURSION = YES;
				CLANG_WARN_INT_CONVERSION = YES;
				CLANG_WARN_NON_LITERAL_NULL_CONVERSION = YES;
				CLANG_WARN_OBJC_IMPLICIT_RETAIN_SELF = YES;
				CLANG_WARN_OBJC_LITERAL_CONVERSION = YES;
				CLANG_WARN_OBJC_ROOT_CLASS = YES_ERROR;
				CLANG_WARN_RANGE_LOOP_ANALYSIS = YES;
				CLANG_WARN_STRICT_PROTOTYPES = YES;
				CLANG_WARN_SUSPICIOUS_MOVE = YES;
				CLANG_WARN_UNGUARDED_AVAILABILITY = YES_AGGRESSIVE;
				CLANG_WARN_UNREACHABLE_CODE = YES;
				CLANG_WARN__DUPLICATE_METHOD_MATCH = YES;
				CODE_SIGN_IDENTITY = "iPhone Developer";
				COPY_PHASE_STRIP = NO;
				DEBUG_INFORMATION_FORMAT = "dwarf-with-dsym";
				ENABLE_NS_ASSERTIONS = NO;
				ENABLE_STRICT_OBJC_MSGSEND = YES;
				GCC_C_LANGUAGE_STANDARD = gnu11;
				GCC_NO_COMMON_BLOCKS = YES;
				GCC_WARN_64_TO_32_BIT_CONVERSION = YES;
				GCC_WARN_ABOUT_RETURN_TYPE = YES_ERROR;
				GCC_WARN_UNDECLARED_SELECTOR = YES;
				GCC_WARN_UNINITIALIZED_AUTOS = YES_AGGRESSIVE;
				GCC_WARN_UNUSED_FUNCTION = YES;
				GCC_WARN_UNUSED_VARIABLE = YES;
				IPHONEOS_DEPLOYMENT_TARGET = 11.3;
				MTL_ENABLE_DEBUG_INFO = NO;
				SDKROOT = iphoneos;
				SWIFT_COMPILATION_MODE = wholemodule;
				SWIFT_OPTIMIZATION_LEVEL = "-O";
				VALIDATE_PRODUCT = YES;
			};
			name = Release;
		};
		4893771C2075A47600FAC527 /* Debug */ = {
			isa = XCBuildConfiguration;
			baseConfigurationReference = 9FB02CC5106E65C5DFFC75FA /* Pods-BreedPic.debug.xcconfig */;
			buildSettings = {
				ASSETCATALOG_COMPILER_APPICON_NAME = AppIcon;
				CODE_SIGN_STYLE = Automatic;
				DEVELOPMENT_TEAM = PEDVQ936L6;
				INFOPLIST_FILE = BreedPic/Info.plist;
				LD_RUNPATH_SEARCH_PATHS = (
					"$(inherited)",
					"@executable_path/Frameworks",
				);
				PRODUCT_BUNDLE_IDENTIFIER = com.edc0der.BreedPic;
				PRODUCT_NAME = "$(TARGET_NAME)";
				SWIFT_VERSION = 4.0;
				TARGETED_DEVICE_FAMILY = 1;
			};
			name = Debug;
		};
		4893771D2075A47600FAC527 /* Release */ = {
			isa = XCBuildConfiguration;
			baseConfigurationReference = 84E9BBA66332C5F6061C69AE /* Pods-BreedPic.release.xcconfig */;
			buildSettings = {
				ASSETCATALOG_COMPILER_APPICON_NAME = AppIcon;
				CODE_SIGN_STYLE = Automatic;
				DEVELOPMENT_TEAM = PEDVQ936L6;
				INFOPLIST_FILE = BreedPic/Info.plist;
				LD_RUNPATH_SEARCH_PATHS = (
					"$(inherited)",
					"@executable_path/Frameworks",
				);
				PRODUCT_BUNDLE_IDENTIFIER = com.edc0der.BreedPic;
				PRODUCT_NAME = "$(TARGET_NAME)";
				SWIFT_VERSION = 4.0;
				TARGETED_DEVICE_FAMILY = 1;
			};
			name = Release;
		};
		4893771F2075A47600FAC527 /* Debug */ = {
			isa = XCBuildConfiguration;
			baseConfigurationReference = D9F2B45ABC69C5F207E42BD4 /* Pods-BreedPicTests.debug.xcconfig */;
			buildSettings = {
				ALWAYS_EMBED_SWIFT_STANDARD_LIBRARIES = YES;
				BUNDLE_LOADER = "$(TEST_HOST)";
				CODE_SIGN_STYLE = Automatic;
				DEVELOPMENT_TEAM = PEDVQ936L6;
				INFOPLIST_FILE = BreedPicTests/Info.plist;
				LD_RUNPATH_SEARCH_PATHS = (
					"$(inherited)",
					"@executable_path/Frameworks",
					"@loader_path/Frameworks",
				);
				PRODUCT_BUNDLE_IDENTIFIER = com.edc0der.BreedPicTests;
				PRODUCT_NAME = "$(TARGET_NAME)";
				SWIFT_VERSION = 4.0;
				TARGETED_DEVICE_FAMILY = "1,2";
				TEST_HOST = "$(BUILT_PRODUCTS_DIR)/BreedPic.app/BreedPic";
			};
			name = Debug;
		};
		489377202075A47600FAC527 /* Release */ = {
			isa = XCBuildConfiguration;
			baseConfigurationReference = 93D6FE62FA61611370C2983D /* Pods-BreedPicTests.release.xcconfig */;
			buildSettings = {
				ALWAYS_EMBED_SWIFT_STANDARD_LIBRARIES = YES;
				BUNDLE_LOADER = "$(TEST_HOST)";
				CODE_SIGN_STYLE = Automatic;
				DEVELOPMENT_TEAM = PEDVQ936L6;
				INFOPLIST_FILE = BreedPicTests/Info.plist;
				LD_RUNPATH_SEARCH_PATHS = (
					"$(inherited)",
					"@executable_path/Frameworks",
					"@loader_path/Frameworks",
				);
				PRODUCT_BUNDLE_IDENTIFIER = com.edc0der.BreedPicTests;
				PRODUCT_NAME = "$(TARGET_NAME)";
				SWIFT_VERSION = 4.0;
				TARGETED_DEVICE_FAMILY = "1,2";
				TEST_HOST = "$(BUILT_PRODUCTS_DIR)/BreedPic.app/BreedPic";
			};
			name = Release;
		};
/* End XCBuildConfiguration section */

/* Begin XCConfigurationList section */
		489376F72075A47500FAC527 /* Build configuration list for PBXProject "BreedPic" */ = {
			isa = XCConfigurationList;
			buildConfigurations = (
				489377192075A47600FAC527 /* Debug */,
				4893771A2075A47600FAC527 /* Release */,
			);
			defaultConfigurationIsVisible = 0;
			defaultConfigurationName = Release;
		};
		4893771B2075A47600FAC527 /* Build configuration list for PBXNativeTarget "BreedPic" */ = {
			isa = XCConfigurationList;
			buildConfigurations = (
				4893771C2075A47600FAC527 /* Debug */,
				4893771D2075A47600FAC527 /* Release */,
			);
			defaultConfigurationIsVisible = 0;
			defaultConfigurationName = Release;
		};
		4893771E2075A47600FAC527 /* Build configuration list for PBXNativeTarget "BreedPicTests" */ = {
			isa = XCConfigurationList;
			buildConfigurations = (
				4893771F2075A47600FAC527 /* Debug */,
				489377202075A47600FAC527 /* Release */,
			);
			defaultConfigurationIsVisible = 0;
			defaultConfigurationName = Release;
		};
/* End XCConfigurationList section */
	};
	rootObject = 489376F42075A47500FAC527 /* Project object */;
}
