// !$*UTF8*$!
{
	archiveVersion = 1;
	classes = {
	};
	objectVersion = 50;
	objects = {

/* Begin PBXBuildFile section */
		480ED6C92082E66D0033DF9D /* credentials.plist in Resources */ = {isa = PBXBuildFile; fileRef = 480ED6C82082E66D0033DF9D /* credentials.plist */; };
		480ED6CC2082E9E40033DF9D /* LoginVC.swift in Sources */ = {isa = PBXBuildFile; fileRef = 480ED6CA2082E9E40033DF9D /* LoginVC.swift */; };
		480ED6CD2082E9E40033DF9D /* LoginVC.xib in Resources */ = {isa = PBXBuildFile; fileRef = 480ED6CB2082E9E40033DF9D /* LoginVC.xib */; };
		48275DB920771E7B00F3B0E2 /* OnboardingPVC.xib in Resources */ = {isa = PBXBuildFile; fileRef = 48275DB820771E7B00F3B0E2 /* OnboardingPVC.xib */; };
		4849D411207EE6C100F842EC /* UserProfile.swift in Sources */ = {isa = PBXBuildFile; fileRef = 4849D410207EE6C100F842EC /* UserProfile.swift */; };
		484F410220803821005169A3 /* OnboardingInfoPageVW.xib in Resources */ = {isa = PBXBuildFile; fileRef = 484F410120803821005169A3 /* OnboardingInfoPageVW.xib */; };
		484F410520803920005169A3 /* OnboardingInfoPageTVC.swift in Sources */ = {isa = PBXBuildFile; fileRef = 484F410320803920005169A3 /* OnboardingInfoPageTVC.swift */; };
		484F410620803920005169A3 /* OnboardingInfoPageTVC.xib in Resources */ = {isa = PBXBuildFile; fileRef = 484F410420803920005169A3 /* OnboardingInfoPageTVC.xib */; };
		484F41082080394C005169A3 /* OnboardingInfoPageVW.swift in Sources */ = {isa = PBXBuildFile; fileRef = 484F41072080394C005169A3 /* OnboardingInfoPageVW.swift */; };
		4866ABA02083EB8F00D9E3AF /* UIViewController+MakeRoot.swift in Sources */ = {isa = PBXBuildFile; fileRef = 4866AB9F2083EB8F00D9E3AF /* UIViewController+MakeRoot.swift */; };
		488CAF9420A3ECF0004ABB5D /* DogCeoAPIService.swift in Sources */ = {isa = PBXBuildFile; fileRef = 488CAF9320A3ECF0004ABB5D /* DogCeoAPIService.swift */; };
		488EBEB320851ECA009AAD01 /* UIStoryboard+Util.swift in Sources */ = {isa = PBXBuildFile; fileRef = 488EBEB220851ECA009AAD01 /* UIStoryboard+Util.swift */; };
		488EBEB520852C41009AAD01 /* String+ClassName.swift in Sources */ = {isa = PBXBuildFile; fileRef = 488EBEB420852C41009AAD01 /* String+ClassName.swift */; };
		489005672081AFAB0016F607 /* OnboardingInfoPageVWViewModel.swift in Sources */ = {isa = PBXBuildFile; fileRef = 489005662081AFAB0016F607 /* OnboardingInfoPageVWViewModel.swift */; };
		489005692081AFF00016F607 /* OnboardingInfoPageTVCViewModel.swift in Sources */ = {isa = PBXBuildFile; fileRef = 489005682081AFF00016F607 /* OnboardingInfoPageTVCViewModel.swift */; };
		489377002075A47500FAC527 /* AppDelegate.swift in Sources */ = {isa = PBXBuildFile; fileRef = 489376FF2075A47500FAC527 /* AppDelegate.swift */; };
		489377072075A47500FAC527 /* Main.storyboard in Resources */ = {isa = PBXBuildFile; fileRef = 489377052075A47500FAC527 /* Main.storyboard */; };
		489377092075A47600FAC527 /* Assets.xcassets in Resources */ = {isa = PBXBuildFile; fileRef = 489377082075A47600FAC527 /* Assets.xcassets */; };
		4893770C2075A47600FAC527 /* LaunchScreen.storyboard in Resources */ = {isa = PBXBuildFile; fileRef = 4893770A2075A47600FAC527 /* LaunchScreen.storyboard */; };
		489377172075A47600FAC527 /* BreedPicTests.swift in Sources */ = {isa = PBXBuildFile; fileRef = 489377162075A47600FAC527 /* BreedPicTests.swift */; };
		4893772B2075AA9E00FAC527 /* MainTabBarVC.swift in Sources */ = {isa = PBXBuildFile; fileRef = 4893772A2075AA9E00FAC527 /* MainTabBarVC.swift */; };
		4893772E2075AC5600FAC527 /* Breed.swift in Sources */ = {isa = PBXBuildFile; fileRef = 4893772D2075AC5600FAC527 /* Breed.swift */; };
		48D7095A2075BCA900A8C29C /* FavoriteCategoriesVC.swift in Sources */ = {isa = PBXBuildFile; fileRef = 48D709582075BCA900A8C29C /* FavoriteCategoriesVC.swift */; };
		48D7095B2075BCA900A8C29C /* FavoriteCategoriesVC.xib in Resources */ = {isa = PBXBuildFile; fileRef = 48D709592075BCA900A8C29C /* FavoriteCategoriesVC.xib */; };
		48D7095E2075BCC900A8C29C /* FavoritePicturesVC.swift in Sources */ = {isa = PBXBuildFile; fileRef = 48D7095C2075BCC900A8C29C /* FavoritePicturesVC.swift */; };
		48D7095F2075BCC900A8C29C /* FavoritePicturesVC.xib in Resources */ = {isa = PBXBuildFile; fileRef = 48D7095D2075BCC900A8C29C /* FavoritePicturesVC.xib */; };
		48D709622075BD1800A8C29C /* SettingsVC.swift in Sources */ = {isa = PBXBuildFile; fileRef = 48D709602075BD1800A8C29C /* SettingsVC.swift */; };
		48D709632075BD1800A8C29C /* SettingsVC.xib in Resources */ = {isa = PBXBuildFile; fileRef = 48D709612075BD1800A8C29C /* SettingsVC.xib */; };
		48D709662075C36F00A8C29C /* FavoriteCategoriesTVC.swift in Sources */ = {isa = PBXBuildFile; fileRef = 48D709642075C36F00A8C29C /* FavoriteCategoriesTVC.swift */; };
		48D709672075C36F00A8C29C /* FavoriteCategoriesTVC.xib in Resources */ = {isa = PBXBuildFile; fileRef = 48D709652075C36F00A8C29C /* FavoriteCategoriesTVC.xib */; };
		48D7096A2075C88C00A8C29C /* OnboardingPageChildVC.swift in Sources */ = {isa = PBXBuildFile; fileRef = 48D709682075C88C00A8C29C /* OnboardingPageChildVC.swift */; };
		48D7096E2075D36D00A8C29C /* OnboardingPVC.swift in Sources */ = {isa = PBXBuildFile; fileRef = 48D7096C2075D36D00A8C29C /* OnboardingPVC.swift */; };
		48D7096F2075D36D00A8C29C /* OnboardingPageChildVC.xib in Resources */ = {isa = PBXBuildFile; fileRef = 48D7096D2075D36D00A8C29C /* OnboardingPageChildVC.xib */; };
		48D795AC2083A9B90000D7C3 /* SessionManager.swift in Sources */ = {isa = PBXBuildFile; fileRef = 48D795AB2083A9B90000D7C3 /* SessionManager.swift */; };
		48EB6A31207825AC00DAD295 /* Generics+Utilities.swift in Sources */ = {isa = PBXBuildFile; fileRef = 48EB6A30207825AC00DAD295 /* Generics+Utilities.swift */; };
		48EB6A3420782D2300DAD295 /* Localizable.strings in Resources */ = {isa = PBXBuildFile; fileRef = 48EB6A3620782D2300DAD295 /* Localizable.strings */; };
		48EB6A3A207831BF00DAD295 /* String+Localized.swift in Sources */ = {isa = PBXBuildFile; fileRef = 48EB6A39207831BF00DAD295 /* String+Localized.swift */; };
		48FA78EB207D706B00377DEC /* APIClient.swift in Sources */ = {isa = PBXBuildFile; fileRef = 48FA78EA207D706B00377DEC /* APIClient.swift */; };
		6A7730940F0B35397AF73CF5 /* Pods_BreedPicTests.framework in Frameworks */ = {isa = PBXBuildFile; fileRef = 61099F2E0A92DF72C8B386FA /* Pods_BreedPicTests.framework */; };
		A8DA37B8718786ED8E6004CA /* Pods_BreedPic.framework in Frameworks */ = {isa = PBXBuildFile; fileRef = FC1630497490CEDA0C26AA89 /* Pods_BreedPic.framework */; };
/* End PBXBuildFile section */

/* Begin PBXContainerItemProxy section */
		489377132075A47600FAC527 /* PBXContainerItemProxy */ = {
			isa = PBXContainerItemProxy;
			containerPortal = 489376F42075A47500FAC527 /* Project object */;
			proxyType = 1;
			remoteGlobalIDString = 489376FB2075A47500FAC527;
			remoteInfo = BreedPic;
		};
/* End PBXContainerItemProxy section */

/* Begin PBXFileReference section */
		480ED6C82082E66D0033DF9D /* credentials.plist */ = {isa = PBXFileReference; fileEncoding = 4; lastKnownFileType = text.plist.xml; path = credentials.plist; sourceTree = "<group>"; };
		480ED6CA2082E9E40033DF9D /* LoginVC.swift */ = {isa = PBXFileReference; lastKnownFileType = sourcecode.swift; path = LoginVC.swift; sourceTree = "<group>"; };
		480ED6CB2082E9E40033DF9D /* LoginVC.xib */ = {isa = PBXFileReference; lastKnownFileType = file.xib; path = LoginVC.xib; sourceTree = "<group>"; };
		48275DB820771E7B00F3B0E2 /* OnboardingPVC.xib */ = {isa = PBXFileReference; lastKnownFileType = file.xib; path = OnboardingPVC.xib; sourceTree = "<group>"; };
		4849D410207EE6C100F842EC /* UserProfile.swift */ = {isa = PBXFileReference; lastKnownFileType = sourcecode.swift; path = UserProfile.swift; sourceTree = "<group>"; };
		484F410120803821005169A3 /* OnboardingInfoPageVW.xib */ = {isa = PBXFileReference; lastKnownFileType = file.xib; path = OnboardingInfoPageVW.xib; sourceTree = "<group>"; };
		484F410320803920005169A3 /* OnboardingInfoPageTVC.swift */ = {isa = PBXFileReference; lastKnownFileType = sourcecode.swift; path = OnboardingInfoPageTVC.swift; sourceTree = "<group>"; };
		484F410420803920005169A3 /* OnboardingInfoPageTVC.xib */ = {isa = PBXFileReference; lastKnownFileType = file.xib; path = OnboardingInfoPageTVC.xib; sourceTree = "<group>"; };
		484F41072080394C005169A3 /* OnboardingInfoPageVW.swift */ = {isa = PBXFileReference; lastKnownFileType = sourcecode.swift; path = OnboardingInfoPageVW.swift; sourceTree = "<group>"; };
		4866AB9F2083EB8F00D9E3AF /* UIViewController+MakeRoot.swift */ = {isa = PBXFileReference; lastKnownFileType = sourcecode.swift; path = "UIViewController+MakeRoot.swift"; sourceTree = "<group>"; };
		488CAF9320A3ECF0004ABB5D /* DogCeoAPIService.swift */ = {isa = PBXFileReference; fileEncoding = 4; lastKnownFileType = sourcecode.swift; path = DogCeoAPIService.swift; sourceTree = "<group>"; };
		488EBEB220851ECA009AAD01 /* UIStoryboard+Util.swift */ = {isa = PBXFileReference; lastKnownFileType = sourcecode.swift; path = "UIStoryboard+Util.swift"; sourceTree = "<group>"; };
		488EBEB420852C41009AAD01 /* String+ClassName.swift */ = {isa = PBXFileReference; lastKnownFileType = sourcecode.swift; path = "String+ClassName.swift"; sourceTree = "<group>"; };
		489005662081AFAB0016F607 /* OnboardingInfoPageVWViewModel.swift */ = {isa = PBXFileReference; lastKnownFileType = sourcecode.swift; path = OnboardingInfoPageVWViewModel.swift; sourceTree = "<group>"; };
		489005682081AFF00016F607 /* OnboardingInfoPageTVCViewModel.swift */ = {isa = PBXFileReference; lastKnownFileType = sourcecode.swift; path = OnboardingInfoPageTVCViewModel.swift; sourceTree = "<group>"; };
		489376FC2075A47500FAC527 /* BreedPic.app */ = {isa = PBXFileReference; explicitFileType = wrapper.application; includeInIndex = 0; path = BreedPic.app; sourceTree = BUILT_PRODUCTS_DIR; };
		489376FF2075A47500FAC527 /* AppDelegate.swift */ = {isa = PBXFileReference; lastKnownFileType = sourcecode.swift; path = AppDelegate.swift; sourceTree = "<group>"; };
		489377062075A47500FAC527 /* Base */ = {isa = PBXFileReference; lastKnownFileType = file.storyboard; name = Base; path = Base.lproj/Main.storyboard; sourceTree = "<group>"; };
		489377082075A47600FAC527 /* Assets.xcassets */ = {isa = PBXFileReference; lastKnownFileType = folder.assetcatalog; path = Assets.xcassets; sourceTree = "<group>"; };
		4893770B2075A47600FAC527 /* Base */ = {isa = PBXFileReference; lastKnownFileType = file.storyboard; name = Base; path = Base.lproj/LaunchScreen.storyboard; sourceTree = "<group>"; };
		4893770D2075A47600FAC527 /* Info.plist */ = {isa = PBXFileReference; lastKnownFileType = text.plist.xml; path = Info.plist; sourceTree = "<group>"; };
		489377122075A47600FAC527 /* BreedPicTests.xctest */ = {isa = PBXFileReference; explicitFileType = wrapper.cfbundle; includeInIndex = 0; path = BreedPicTests.xctest; sourceTree = BUILT_PRODUCTS_DIR; };
		489377162075A47600FAC527 /* BreedPicTests.swift */ = {isa = PBXFileReference; lastKnownFileType = sourcecode.swift; path = BreedPicTests.swift; sourceTree = "<group>"; };
		489377182075A47600FAC527 /* Info.plist */ = {isa = PBXFileReference; lastKnownFileType = text.plist.xml; path = Info.plist; sourceTree = "<group>"; };
		4893772A2075AA9E00FAC527 /* MainTabBarVC.swift */ = {isa = PBXFileReference; lastKnownFileType = sourcecode.swift; path = MainTabBarVC.swift; sourceTree = "<group>"; };
		4893772D2075AC5600FAC527 /* Breed.swift */ = {isa = PBXFileReference; lastKnownFileType = sourcecode.swift; path = Breed.swift; sourceTree = "<group>"; };
		48D709582075BCA900A8C29C /* FavoriteCategoriesVC.swift */ = {isa = PBXFileReference; lastKnownFileType = sourcecode.swift; path = FavoriteCategoriesVC.swift; sourceTree = "<group>"; };
		48D709592075BCA900A8C29C /* FavoriteCategoriesVC.xib */ = {isa = PBXFileReference; lastKnownFileType = file.xib; path = FavoriteCategoriesVC.xib; sourceTree = "<group>"; };
		48D7095C2075BCC900A8C29C /* FavoritePicturesVC.swift */ = {isa = PBXFileReference; lastKnownFileType = sourcecode.swift; path = FavoritePicturesVC.swift; sourceTree = "<group>"; };
		48D7095D2075BCC900A8C29C /* FavoritePicturesVC.xib */ = {isa = PBXFileReference; lastKnownFileType = file.xib; path = FavoritePicturesVC.xib; sourceTree = "<group>"; };
		48D709602075BD1800A8C29C /* SettingsVC.swift */ = {isa = PBXFileReference; lastKnownFileType = sourcecode.swift; path = SettingsVC.swift; sourceTree = "<group>"; };
		48D709612075BD1800A8C29C /* SettingsVC.xib */ = {isa = PBXFileReference; lastKnownFileType = file.xib; path = SettingsVC.xib; sourceTree = "<group>"; };
		48D709642075C36F00A8C29C /* FavoriteCategoriesTVC.swift */ = {isa = PBXFileReference; lastKnownFileType = sourcecode.swift; path = FavoriteCategoriesTVC.swift; sourceTree = "<group>"; };
		48D709652075C36F00A8C29C /* FavoriteCategoriesTVC.xib */ = {isa = PBXFileReference; lastKnownFileType = file.xib; path = FavoriteCategoriesTVC.xib; sourceTree = "<group>"; };
		48D709682075C88C00A8C29C /* OnboardingPageChildVC.swift */ = {isa = PBXFileReference; lastKnownFileType = sourcecode.swift; path = OnboardingPageChildVC.swift; sourceTree = "<group>"; };
		48D7096C2075D36D00A8C29C /* OnboardingPVC.swift */ = {isa = PBXFileReference; lastKnownFileType = sourcecode.swift; path = OnboardingPVC.swift; sourceTree = "<group>"; };
		48D7096D2075D36D00A8C29C /* OnboardingPageChildVC.xib */ = {isa = PBXFileReference; lastKnownFileType = file.xib; path = OnboardingPageChildVC.xib; sourceTree = "<group>"; };
		48D795AB2083A9B90000D7C3 /* SessionManager.swift */ = {isa = PBXFileReference; lastKnownFileType = sourcecode.swift; path = SessionManager.swift; sourceTree = "<group>"; };
		48EB6A30207825AC00DAD295 /* Generics+Utilities.swift */ = {isa = PBXFileReference; lastKnownFileType = sourcecode.swift; path = "Generics+Utilities.swift"; sourceTree = "<group>"; };
		48EB6A3520782D2300DAD295 /* en */ = {isa = PBXFileReference; lastKnownFileType = text.plist.strings; name = en; path = en.lproj/Localizable.strings; sourceTree = "<group>"; };
		48EB6A3720782D7E00DAD295 /* es */ = {isa = PBXFileReference; lastKnownFileType = text.plist.strings; name = es; path = es.lproj/Localizable.strings; sourceTree = "<group>"; };
		48EB6A3820782D8A00DAD295 /* Base */ = {isa = PBXFileReference; lastKnownFileType = text.plist.strings; name = Base; path = Base.lproj/Localizable.strings; sourceTree = "<group>"; };
		48EB6A39207831BF00DAD295 /* String+Localized.swift */ = {isa = PBXFileReference; lastKnownFileType = sourcecode.swift; path = "String+Localized.swift"; sourceTree = "<group>"; };
		48FA78EA207D706B00377DEC /* APIClient.swift */ = {isa = PBXFileReference; lastKnownFileType = sourcecode.swift; path = APIClient.swift; sourceTree = "<group>"; };
		61099F2E0A92DF72C8B386FA /* Pods_BreedPicTests.framework */ = {isa = PBXFileReference; explicitFileType = wrapper.framework; includeInIndex = 0; path = Pods_BreedPicTests.framework; sourceTree = BUILT_PRODUCTS_DIR; };
		84E9BBA66332C5F6061C69AE /* Pods-BreedPic.release.xcconfig */ = {isa = PBXFileReference; includeInIndex = 1; lastKnownFileType = text.xcconfig; name = "Pods-BreedPic.release.xcconfig"; path = "Pods/Target Support Files/Pods-BreedPic/Pods-BreedPic.release.xcconfig"; sourceTree = "<group>"; };
		93D6FE62FA61611370C2983D /* Pods-BreedPicTests.release.xcconfig */ = {isa = PBXFileReference; includeInIndex = 1; lastKnownFileType = text.xcconfig; name = "Pods-BreedPicTests.release.xcconfig"; path = "Pods/Target Support Files/Pods-BreedPicTests/Pods-BreedPicTests.release.xcconfig"; sourceTree = "<group>"; };
		9FB02CC5106E65C5DFFC75FA /* Pods-BreedPic.debug.xcconfig */ = {isa = PBXFileReference; includeInIndex = 1; lastKnownFileType = text.xcconfig; name = "Pods-BreedPic.debug.xcconfig"; path = "Pods/Target Support Files/Pods-BreedPic/Pods-BreedPic.debug.xcconfig"; sourceTree = "<group>"; };
		D9F2B45ABC69C5F207E42BD4 /* Pods-BreedPicTests.debug.xcconfig */ = {isa = PBXFileReference; includeInIndex = 1; lastKnownFileType = text.xcconfig; name = "Pods-BreedPicTests.debug.xcconfig"; path = "Pods/Target Support Files/Pods-BreedPicTests/Pods-BreedPicTests.debug.xcconfig"; sourceTree = "<group>"; };
		FC1630497490CEDA0C26AA89 /* Pods_BreedPic.framework */ = {isa = PBXFileReference; explicitFileType = wrapper.framework; includeInIndex = 0; path = Pods_BreedPic.framework; sourceTree = BUILT_PRODUCTS_DIR; };
/* End PBXFileReference section */

/* Begin PBXFrameworksBuildPhase section */
		489376F92075A47500FAC527 /* Frameworks */ = {
			isa = PBXFrameworksBuildPhase;
			buildActionMask = 2147483647;
			files = (
				A8DA37B8718786ED8E6004CA /* Pods_BreedPic.framework in Frameworks */,
			);
			runOnlyForDeploymentPostprocessing = 0;
		};
		4893770F2075A47600FAC527 /* Frameworks */ = {
			isa = PBXFrameworksBuildPhase;
			buildActionMask = 2147483647;
			files = (
				6A7730940F0B35397AF73CF5 /* Pods_BreedPicTests.framework in Frameworks */,
			);
			runOnlyForDeploymentPostprocessing = 0;
		};
/* End PBXFrameworksBuildPhase section */

/* Begin PBXGroup section */
		3034B536825EF47913D9489E /* Pods */ = {
			isa = PBXGroup;
			children = (
				9FB02CC5106E65C5DFFC75FA /* Pods-BreedPic.debug.xcconfig */,
				84E9BBA66332C5F6061C69AE /* Pods-BreedPic.release.xcconfig */,
				D9F2B45ABC69C5F207E42BD4 /* Pods-BreedPicTests.debug.xcconfig */,
				93D6FE62FA61611370C2983D /* Pods-BreedPicTests.release.xcconfig */,
			);
			name = Pods;
			sourceTree = "<group>";
		};
		489376F32075A47500FAC527 = {
			isa = PBXGroup;
			children = (
				489376FE2075A47500FAC527 /* BreedPic */,
				489377152075A47600FAC527 /* BreedPicTests */,
				489376FD2075A47500FAC527 /* Products */,
				3034B536825EF47913D9489E /* Pods */,
				B9318FD13379274D711E6184 /* Frameworks */,
			);
			sourceTree = "<group>";
		};
		489376FD2075A47500FAC527 /* Products */ = {
			isa = PBXGroup;
			children = (
				489376FC2075A47500FAC527 /* BreedPic.app */,
				489377122075A47600FAC527 /* BreedPicTests.xctest */,
			);
			name = Products;
			sourceTree = "<group>";
		};
		489376FE2075A47500FAC527 /* BreedPic */ = {
			isa = PBXGroup;
			children = (
				4893770D2075A47600FAC527 /* Info.plist */,
				489376FF2075A47500FAC527 /* AppDelegate.swift */,
				489377082075A47600FAC527 /* Assets.xcassets */,
				489377212075A72D00FAC527 /* Controllers */,
				4893772C2075AC3C00FAC527 /* Models */,
				48D709562075B6E500A8C29C /* Resources */,
				489377252075A7C600FAC527 /* Stores */,
				48EB6A2F2078256F00DAD295 /* Utils+Extensions */,
				48D709572075B6EC00A8C29C /* ViewModels */,
				489377222075A73A00FAC527 /* Views */,
			);
			path = BreedPic;
			sourceTree = "<group>";
		};
		489377152075A47600FAC527 /* BreedPicTests */ = {
			isa = PBXGroup;
			children = (
				489377162075A47600FAC527 /* BreedPicTests.swift */,
				489377182075A47600FAC527 /* Info.plist */,
			);
			path = BreedPicTests;
			sourceTree = "<group>";
		};
		489377212075A72D00FAC527 /* Controllers */ = {
			isa = PBXGroup;
			children = (
				48D709582075BCA900A8C29C /* FavoriteCategoriesVC.swift */,
				48D7095C2075BCC900A8C29C /* FavoritePicturesVC.swift */,
				48D709642075C36F00A8C29C /* FavoriteCategoriesTVC.swift */,
				48D709602075BD1800A8C29C /* SettingsVC.swift */,
				480ED6CA2082E9E40033DF9D /* LoginVC.swift */,
				4893772A2075AA9E00FAC527 /* MainTabBarVC.swift */,
				48D7096C2075D36D00A8C29C /* OnboardingPVC.swift */,
				48D709682075C88C00A8C29C /* OnboardingPageChildVC.swift */,
				484F41072080394C005169A3 /* OnboardingInfoPageVW.swift */,
				484F410320803920005169A3 /* OnboardingInfoPageTVC.swift */,
			);
			path = Controllers;
			sourceTree = "<group>";
		};
		489377222075A73A00FAC527 /* Views */ = {
			isa = PBXGroup;
			children = (
				48D709592075BCA900A8C29C /* FavoriteCategoriesVC.xib */,
				48D709652075C36F00A8C29C /* FavoriteCategoriesTVC.xib */,
				48D7095D2075BCC900A8C29C /* FavoritePicturesVC.xib */,
				48D709612075BD1800A8C29C /* SettingsVC.xib */,
				4893770A2075A47600FAC527 /* LaunchScreen.storyboard */,
				480ED6CB2082E9E40033DF9D /* LoginVC.xib */,
				489377052075A47500FAC527 /* Main.storyboard */,
				48275DB820771E7B00F3B0E2 /* OnboardingPVC.xib */,
				48D7096D2075D36D00A8C29C /* OnboardingPageChildVC.xib */,
				484F410120803821005169A3 /* OnboardingInfoPageVW.xib */,
				484F410420803920005169A3 /* OnboardingInfoPageTVC.xib */,
			);
			path = Views;
			sourceTree = "<group>";
		};
		489377252075A7C600FAC527 /* Stores */ = {
			isa = PBXGroup;
			children = (
				488CAF9320A3ECF0004ABB5D /* DogCeoAPIService.swift */,
				48FA78EA207D706B00377DEC /* APIClient.swift */,
			);
			path = Stores;
			sourceTree = "<group>";
		};
		4893772C2075AC3C00FAC527 /* Models */ = {
			isa = PBXGroup;
			children = (
				4893772D2075AC5600FAC527 /* Breed.swift */,
				4849D410207EE6C100F842EC /* UserProfile.swift */,
				48D795AB2083A9B90000D7C3 /* SessionManager.swift */,
			);
			path = Models;
			sourceTree = "<group>";
		};
		48D709562075B6E500A8C29C /* Resources */ = {
			isa = PBXGroup;
			children = (
				480ED6C82082E66D0033DF9D /* credentials.plist */,
				48EB6A3620782D2300DAD295 /* Localizable.strings */,
			);
			path = Resources;
			sourceTree = "<group>";
		};
		48D709572075B6EC00A8C29C /* ViewModels */ = {
			isa = PBXGroup;
			children = (
				489005662081AFAB0016F607 /* OnboardingInfoPageVWViewModel.swift */,
				489005682081AFF00016F607 /* OnboardingInfoPageTVCViewModel.swift */,
			);
			path = ViewModels;
			sourceTree = "<group>";
		};
		48EB6A2F2078256F00DAD295 /* Utils+Extensions */ = {
			isa = PBXGroup;
			children = (
				48EB6A30207825AC00DAD295 /* Generics+Utilities.swift */,
				488EBEB420852C41009AAD01 /* String+ClassName.swift */,
				48EB6A39207831BF00DAD295 /* String+Localized.swift */,
				4866AB9F2083EB8F00D9E3AF /* UIViewController+MakeRoot.swift */,
				488EBEB220851ECA009AAD01 /* UIStoryboard+Util.swift */,
			);
			path = "Utils+Extensions";
			sourceTree = "<group>";
		};
		B9318FD13379274D711E6184 /* Frameworks */ = {
			isa = PBXGroup;
			children = (
				FC1630497490CEDA0C26AA89 /* Pods_BreedPic.framework */,
				61099F2E0A92DF72C8B386FA /* Pods_BreedPicTests.framework */,
			);
			name = Frameworks;
			sourceTree = "<group>";
		};
/* End PBXGroup section */

/* Begin PBXNativeTarget section */
		489376FB2075A47500FAC527 /* BreedPic */ = {
			isa = PBXNativeTarget;
			buildConfigurationList = 4893771B2075A47600FAC527 /* Build configuration list for PBXNativeTarget "BreedPic" */;
			buildPhases = (
				E63C82BDBC31452E2903A766 /* [CP] Check Pods Manifest.lock */,
				489376F82075A47500FAC527 /* Sources */,
				489376F92075A47500FAC527 /* Frameworks */,
				489376FA2075A47500FAC527 /* Resources */,
				F33781213313D1BDEE2D91A9 /* [CP] Embed Pods Frameworks */,
				3C640E799CD8986D41091DC3 /* [CP] Copy Pods Resources */,
			);
			buildRules = (
			);
			dependencies = (
			);
			name = BreedPic;
			productName = BreedPic;
			productReference = 489376FC2075A47500FAC527 /* BreedPic.app */;
			productType = "com.apple.product-type.application";
		};
		489377112075A47600FAC527 /* BreedPicTests */ = {
			isa = PBXNativeTarget;
			buildConfigurationList = 4893771E2075A47600FAC527 /* Build configuration list for PBXNativeTarget "BreedPicTests" */;
			buildPhases = (
				D4C9E07FFF8C3B817080C48B /* [CP] Check Pods Manifest.lock */,
				4893770E2075A47600FAC527 /* Sources */,
				4893770F2075A47600FAC527 /* Frameworks */,
				489377102075A47600FAC527 /* Resources */,
			);
			buildRules = (
			);
			dependencies = (
				489377142075A47600FAC527 /* PBXTargetDependency */,
			);
			name = BreedPicTests;
			productName = BreedPicTests;
			productReference = 489377122075A47600FAC527 /* BreedPicTests.xctest */;
			productType = "com.apple.product-type.bundle.unit-test";
		};
/* End PBXNativeTarget section */

/* Begin PBXProject section */
		489376F42075A47500FAC527 /* Project object */ = {
			isa = PBXProject;
			attributes = {
				LastSwiftUpdateCheck = 0930;
				LastUpgradeCheck = 0930;
				ORGANIZATIONNAME = "Eduard Moya";
				TargetAttributes = {
					489376FB2075A47500FAC527 = {
						CreatedOnToolsVersion = 9.3;
					};
					489377112075A47600FAC527 = {
						CreatedOnToolsVersion = 9.3;
						TestTargetID = 489376FB2075A47500FAC527;
					};
				};
			};
			buildConfigurationList = 489376F72075A47500FAC527 /* Build configuration list for PBXProject "BreedPic" */;
			compatibilityVersion = "Xcode 9.3";
			developmentRegion = en;
			hasScannedForEncodings = 0;
			knownRegions = (
				en,
				Base,
				es,
			);
			mainGroup = 489376F32075A47500FAC527;
			productRefGroup = 489376FD2075A47500FAC527 /* Products */;
			projectDirPath = "";
			projectRoot = "";
			targets = (
				489376FB2075A47500FAC527 /* BreedPic */,
				489377112075A47600FAC527 /* BreedPicTests */,
			);
		};
/* End PBXProject section */

/* Begin PBXResourcesBuildPhase section */
		489376FA2075A47500FAC527 /* Resources */ = {
			isa = PBXResourcesBuildPhase;
			buildActionMask = 2147483647;
			files = (
				480ED6CD2082E9E40033DF9D /* LoginVC.xib in Resources */,
				48D709672075C36F00A8C29C /* FavoriteCategoriesTVC.xib in Resources */,
				48EB6A3420782D2300DAD295 /* Localizable.strings in Resources */,
				48275DB920771E7B00F3B0E2 /* OnboardingPVC.xib in Resources */,
				48D7095B2075BCA900A8C29C /* FavoriteCategoriesVC.xib in Resources */,
				4893770C2075A47600FAC527 /* LaunchScreen.storyboard in Resources */,
				48D7095F2075BCC900A8C29C /* FavoritePicturesVC.xib in Resources */,
				48D709632075BD1800A8C29C /* SettingsVC.xib in Resources */,
				484F410620803920005169A3 /* OnboardingInfoPageTVC.xib in Resources */,
				489377092075A47600FAC527 /* Assets.xcassets in Resources */,
				489377072075A47500FAC527 /* Main.storyboard in Resources */,
				484F410220803821005169A3 /* OnboardingInfoPageVW.xib in Resources */,
				48D7096F2075D36D00A8C29C /* OnboardingPageChildVC.xib in Resources */,
				480ED6C92082E66D0033DF9D /* credentials.plist in Resources */,
			);
			runOnlyForDeploymentPostprocessing = 0;
		};
		489377102075A47600FAC527 /* Resources */ = {
			isa = PBXResourcesBuildPhase;
			buildActionMask = 2147483647;
			files = (
			);
			runOnlyForDeploymentPostprocessing = 0;
		};
/* End PBXResourcesBuildPhase section */

/* Begin PBXShellScriptBuildPhase section */
		3C640E799CD8986D41091DC3 /* [CP] Copy Pods Resources */ = {
			isa = PBXShellScriptBuildPhase;
			buildActionMask = 2147483647;
			files = (
			);
			inputPaths = (
				"${SRCROOT}/Pods/Target Support Files/Pods-BreedPic/Pods-BreedPic-resources.sh",
				"${PODS_ROOT}/GoogleSignIn/Resources/GoogleSignIn.bundle",
			);
			name = "[CP] Copy Pods Resources";
			outputPaths = (
				"${TARGET_BUILD_DIR}/${UNLOCALIZED_RESOURCES_FOLDER_PATH}/GoogleSignIn.bundle",
			);
			runOnlyForDeploymentPostprocessing = 0;
			shellPath = /bin/sh;
			shellScript = "\"${SRCROOT}/Pods/Target Support Files/Pods-BreedPic/Pods-BreedPic-resources.sh\"\n";
			showEnvVarsInLog = 0;
		};
		D4C9E07FFF8C3B817080C48B /* [CP] Check Pods Manifest.lock */ = {
			isa = PBXShellScriptBuildPhase;
			buildActionMask = 2147483647;
			files = (
			);
			inputPaths = (
				"${PODS_PODFILE_DIR_PATH}/Podfile.lock",
				"${PODS_ROOT}/Manifest.lock",
			);
			name = "[CP] Check Pods Manifest.lock";
			outputPaths = (
				"$(DERIVED_FILE_DIR)/Pods-BreedPicTests-checkManifestLockResult.txt",
			);
			runOnlyForDeploymentPostprocessing = 0;
			shellPath = /bin/sh;
			shellScript = "diff \"${PODS_PODFILE_DIR_PATH}/Podfile.lock\" \"${PODS_ROOT}/Manifest.lock\" > /dev/null\nif [ $? != 0 ] ; then\n    # print error to STDERR\n    echo \"error: The sandbox is not in sync with the Podfile.lock. Run 'pod install' or update your CocoaPods installation.\" >&2\n    exit 1\nfi\n# This output is used by Xcode 'outputs' to avoid re-running this script phase.\necho \"SUCCESS\" > \"${SCRIPT_OUTPUT_FILE_0}\"\n";
			showEnvVarsInLog = 0;
		};
		E63C82BDBC31452E2903A766 /* [CP] Check Pods Manifest.lock */ = {
			isa = PBXShellScriptBuildPhase;
			buildActionMask = 2147483647;
			files = (
			);
			inputPaths = (
				"${PODS_PODFILE_DIR_PATH}/Podfile.lock",
				"${PODS_ROOT}/Manifest.lock",
			);
			name = "[CP] Check Pods Manifest.lock";
			outputPaths = (
				"$(DERIVED_FILE_DIR)/Pods-BreedPic-checkManifestLockResult.txt",
			);
			runOnlyForDeploymentPostprocessing = 0;
			shellPath = /bin/sh;
			shellScript = "diff \"${PODS_PODFILE_DIR_PATH}/Podfile.lock\" \"${PODS_ROOT}/Manifest.lock\" > /dev/null\nif [ $? != 0 ] ; then\n    # print error to STDERR\n    echo \"error: The sandbox is not in sync with the Podfile.lock. Run 'pod install' or update your CocoaPods installation.\" >&2\n    exit 1\nfi\n# This output is used by Xcode 'outputs' to avoid re-running this script phase.\necho \"SUCCESS\" > \"${SCRIPT_OUTPUT_FILE_0}\"\n";
			showEnvVarsInLog = 0;
		};
		F33781213313D1BDEE2D91A9 /* [CP] Embed Pods Frameworks */ = {
			isa = PBXShellScriptBuildPhase;
			buildActionMask = 2147483647;
			files = (
			);
			inputPaths = (
				"${SRCROOT}/Pods/Target Support Files/Pods-BreedPic/Pods-BreedPic-frameworks.sh",
				"${BUILT_PRODUCTS_DIR}/Alamofire/Alamofire.framework",
				"${BUILT_PRODUCTS_DIR}/GTMOAuth2/GTMOAuth2.framework",
				"${BUILT_PRODUCTS_DIR}/GTMSessionFetcher/GTMSessionFetcher.framework",
				"${BUILT_PRODUCTS_DIR}/GoogleToolboxForMac/GoogleToolboxForMac.framework",
				"${BUILT_PRODUCTS_DIR}/Moya/Moya.framework",
				"${BUILT_PRODUCTS_DIR}/Result/Result.framework",
				"${BUILT_PRODUCTS_DIR}/RxSwift/RxSwift.framework",
			);
			name = "[CP] Embed Pods Frameworks";
			outputPaths = (
				"${TARGET_BUILD_DIR}/${FRAMEWORKS_FOLDER_PATH}/Alamofire.framework",
				"${TARGET_BUILD_DIR}/${FRAMEWORKS_FOLDER_PATH}/GTMOAuth2.framework",
				"${TARGET_BUILD_DIR}/${FRAMEWORKS_FOLDER_PATH}/GTMSessionFetcher.framework",
				"${TARGET_BUILD_DIR}/${FRAMEWORKS_FOLDER_PATH}/GoogleToolboxForMac.framework",
				"${TARGET_BUILD_DIR}/${FRAMEWORKS_FOLDER_PATH}/Moya.framework",
				"${TARGET_BUILD_DIR}/${FRAMEWORKS_FOLDER_PATH}/Result.framework",
				"${TARGET_BUILD_DIR}/${FRAMEWORKS_FOLDER_PATH}/RxSwift.framework",
			);
			runOnlyForDeploymentPostprocessing = 0;
			shellPath = /bin/sh;
			shellScript = "\"${SRCROOT}/Pods/Target Support Files/Pods-BreedPic/Pods-BreedPic-frameworks.sh\"\n";
			showEnvVarsInLog = 0;
		};
/* End PBXShellScriptBuildPhase section */

/* Begin PBXSourcesBuildPhase section */
		489376F82075A47500FAC527 /* Sources */ = {
			isa = PBXSourcesBuildPhase;
			buildActionMask = 2147483647;
			files = (
				48D709662075C36F00A8C29C /* FavoriteCategoriesTVC.swift in Sources */,
				48D7095A2075BCA900A8C29C /* FavoriteCategoriesVC.swift in Sources */,
				488CAF9420A3ECF0004ABB5D /* DogCeoAPIService.swift in Sources */,
				480ED6CC2082E9E40033DF9D /* LoginVC.swift in Sources */,
				48FA78EB207D706B00377DEC /* APIClient.swift in Sources */,
				4893772E2075AC5600FAC527 /* Breed.swift in Sources */,
				4866ABA02083EB8F00D9E3AF /* UIViewController+MakeRoot.swift in Sources */,
				489005692081AFF00016F607 /* OnboardingInfoPageTVCViewModel.swift in Sources */,
				4849D411207EE6C100F842EC /* UserProfile.swift in Sources */,
				484F410520803920005169A3 /* OnboardingInfoPageTVC.swift in Sources */,
				488EBEB520852C41009AAD01 /* String+ClassName.swift in Sources */,
				48D7095E2075BCC900A8C29C /* FavoritePicturesVC.swift in Sources */,
				488EBEB320851ECA009AAD01 /* UIStoryboard+Util.swift in Sources */,
				4893772B2075AA9E00FAC527 /* MainTabBarVC.swift in Sources */,
				48D795AC2083A9B90000D7C3 /* SessionManager.swift in Sources */,
				489377002075A47500FAC527 /* AppDelegate.swift in Sources */,
				489005672081AFAB0016F607 /* OnboardingInfoPageVWViewModel.swift in Sources */,
				48EB6A31207825AC00DAD295 /* Generics+Utilities.swift in Sources */,
				48D7096E2075D36D00A8C29C /* OnboardingPVC.swift in Sources */,
				48EB6A3A207831BF00DAD295 /* String+Localized.swift in Sources */,
				48D709622075BD1800A8C29C /* SettingsVC.swift in Sources */,
				484F41082080394C005169A3 /* OnboardingInfoPageVW.swift in Sources */,
				48D7096A2075C88C00A8C29C /* OnboardingPageChildVC.swift in Sources */,
			);
			runOnlyForDeploymentPostprocessing = 0;
		};
		4893770E2075A47600FAC527 /* Sources */ = {
			isa = PBXSourcesBuildPhase;
			buildActionMask = 2147483647;
			files = (
				489377172075A47600FAC527 /* BreedPicTests.swift in Sources */,
			);
			runOnlyForDeploymentPostprocessing = 0;
		};
/* End PBXSourcesBuildPhase section */

/* Begin PBXTargetDependency section */
		489377142075A47600FAC527 /* PBXTargetDependency */ = {
			isa = PBXTargetDependency;
			target = 489376FB2075A47500FAC527 /* BreedPic */;
			targetProxy = 489377132075A47600FAC527 /* PBXContainerItemProxy */;
		};
/* End PBXTargetDependency section */

/* Begin PBXVariantGroup section */
		489377052075A47500FAC527 /* Main.storyboard */ = {
			isa = PBXVariantGroup;
			children = (
				489377062075A47500FAC527 /* Base */,
			);
			name = Main.storyboard;
			sourceTree = "<group>";
		};
		4893770A2075A47600FAC527 /* LaunchScreen.storyboard */ = {
			isa = PBXVariantGroup;
			children = (
				4893770B2075A47600FAC527 /* Base */,
			);
			name = LaunchScreen.storyboard;
			sourceTree = "<group>";
		};
		48EB6A3620782D2300DAD295 /* Localizable.strings */ = {
			isa = PBXVariantGroup;
			children = (
				48EB6A3520782D2300DAD295 /* en */,
				48EB6A3720782D7E00DAD295 /* es */,
				48EB6A3820782D8A00DAD295 /* Base */,
			);
			name = Localizable.strings;
			sourceTree = "<group>";
		};
/* End PBXVariantGroup section */

/* Begin XCBuildConfiguration section */
		489377192075A47600FAC527 /* Debug */ = {
			isa = XCBuildConfiguration;
			buildSettings = {
				ALWAYS_SEARCH_USER_PATHS = NO;
				CLANG_ANALYZER_LOCALIZABILITY_NONLOCALIZED = YES;
				CLANG_ANALYZER_NONNULL = YES;
				CLANG_ANALYZER_NUMBER_OBJECT_CONVERSION = YES_AGGRESSIVE;
				CLANG_CXX_LANGUAGE_STANDARD = "gnu++14";
				CLANG_CXX_LIBRARY = "libc++";
				CLANG_ENABLE_MODULES = YES;
				CLANG_ENABLE_OBJC_ARC = YES;
				CLANG_ENABLE_OBJC_WEAK = YES;
				CLANG_WARN_BLOCK_CAPTURE_AUTORELEASING = YES;
				CLANG_WARN_BOOL_CONVERSION = YES;
				CLANG_WARN_COMMA = YES;
				CLANG_WARN_CONSTANT_CONVERSION = YES;
				CLANG_WARN_DEPRECATED_OBJC_IMPLEMENTATIONS = YES;
				CLANG_WARN_DIRECT_OBJC_ISA_USAGE = YES_ERROR;
				CLANG_WARN_DOCUMENTATION_COMMENTS = YES;
				CLANG_WARN_EMPTY_BODY = YES;
				CLANG_WARN_ENUM_CONVERSION = YES;
				CLANG_WARN_INFINITE_RECURSION = YES;
				CLANG_WARN_INT_CONVERSION = YES;
				CLANG_WARN_NON_LITERAL_NULL_CONVERSION = YES;
				CLANG_WARN_OBJC_IMPLICIT_RETAIN_SELF = YES;
				CLANG_WARN_OBJC_LITERAL_CONVERSION = YES;
				CLANG_WARN_OBJC_ROOT_CLASS = YES_ERROR;
				CLANG_WARN_RANGE_LOOP_ANALYSIS = YES;
				CLANG_WARN_STRICT_PROTOTYPES = YES;
				CLANG_WARN_SUSPICIOUS_MOVE = YES;
				CLANG_WARN_UNGUARDED_AVAILABILITY = YES_AGGRESSIVE;
				CLANG_WARN_UNREACHABLE_CODE = YES;
				CLANG_WARN__DUPLICATE_METHOD_MATCH = YES;
				CODE_SIGN_IDENTITY = "iPhone Developer";
				COPY_PHASE_STRIP = NO;
				DEBUG_INFORMATION_FORMAT = dwarf;
				ENABLE_STRICT_OBJC_MSGSEND = YES;
				ENABLE_TESTABILITY = YES;
				GCC_C_LANGUAGE_STANDARD = gnu11;
				GCC_DYNAMIC_NO_PIC = NO;
				GCC_NO_COMMON_BLOCKS = YES;
				GCC_OPTIMIZATION_LEVEL = 0;
				GCC_PREPROCESSOR_DEFINITIONS = (
					"DEBUG=1",
					"$(inherited)",
				);
				GCC_WARN_64_TO_32_BIT_CONVERSION = YES;
				GCC_WARN_ABOUT_RETURN_TYPE = YES_ERROR;
				GCC_WARN_UNDECLARED_SELECTOR = YES;
				GCC_WARN_UNINITIALIZED_AUTOS = YES_AGGRESSIVE;
				GCC_WARN_UNUSED_FUNCTION = YES;
				GCC_WARN_UNUSED_VARIABLE = YES;
				IPHONEOS_DEPLOYMENT_TARGET = 11.3;
				MTL_ENABLE_DEBUG_INFO = YES;
				ONLY_ACTIVE_ARCH = YES;
				SDKROOT = iphoneos;
				SWIFT_ACTIVE_COMPILATION_CONDITIONS = DEBUG;
				SWIFT_OPTIMIZATION_LEVEL = "-Onone";
			};
			name = Debug;
		};
		4893771A2075A47600FAC527 /* Release */ = {
			isa = XCBuildConfiguration;
			buildSettings = {
				ALWAYS_SEARCH_USER_PATHS = NO;
				CLANG_ANALYZER_LOCALIZABILITY_NONLOCALIZED = YES;
				CLANG_ANALYZER_NONNULL = YES;
				CLANG_ANALYZER_NUMBER_OBJECT_CONVERSION = YES_AGGRESSIVE;
				CLANG_CXX_LANGUAGE_STANDARD = "gnu++14";
				CLANG_CXX_LIBRARY = "libc++";
				CLANG_ENABLE_MODULES = YES;
				CLANG_ENABLE_OBJC_ARC = YES;
				CLANG_ENABLE_OBJC_WEAK = YES;
				CLANG_WARN_BLOCK_CAPTURE_AUTORELEASING = YES;
				CLANG_WARN_BOOL_CONVERSION = YES;
				CLANG_WARN_COMMA = YES;
				CLANG_WARN_CONSTANT_CONVERSION = YES;
				CLANG_WARN_DEPRECATED_OBJC_IMPLEMENTATIONS = YES;
				CLANG_WARN_DIRECT_OBJC_ISA_USAGE = YES_ERROR;
				CLANG_WARN_DOCUMENTATION_COMMENTS = YES;
				CLANG_WARN_EMPTY_BODY = YES;
				CLANG_WARN_ENUM_CONVERSION = YES;
				CLANG_WARN_INFINITE_RECURSION = YES;
				CLANG_WARN_INT_CONVERSION = YES;
				CLANG_WARN_NON_LITERAL_NULL_CONVERSION = YES;
				CLANG_WARN_OBJC_IMPLICIT_RETAIN_SELF = YES;
				CLANG_WARN_OBJC_LITERAL_CONVERSION = YES;
				CLANG_WARN_OBJC_ROOT_CLASS = YES_ERROR;
				CLANG_WARN_RANGE_LOOP_ANALYSIS = YES;
				CLANG_WARN_STRICT_PROTOTYPES = YES;
				CLANG_WARN_SUSPICIOUS_MOVE = YES;
				CLANG_WARN_UNGUARDED_AVAILABILITY = YES_AGGRESSIVE;
				CLANG_WARN_UNREACHABLE_CODE = YES;
				CLANG_WARN__DUPLICATE_METHOD_MATCH = YES;
				CODE_SIGN_IDENTITY = "iPhone Developer";
				COPY_PHASE_STRIP = NO;
				DEBUG_INFORMATION_FORMAT = "dwarf-with-dsym";
				ENABLE_NS_ASSERTIONS = NO;
				ENABLE_STRICT_OBJC_MSGSEND = YES;
				GCC_C_LANGUAGE_STANDARD = gnu11;
				GCC_NO_COMMON_BLOCKS = YES;
				GCC_WARN_64_TO_32_BIT_CONVERSION = YES;
				GCC_WARN_ABOUT_RETURN_TYPE = YES_ERROR;
				GCC_WARN_UNDECLARED_SELECTOR = YES;
				GCC_WARN_UNINITIALIZED_AUTOS = YES_AGGRESSIVE;
				GCC_WARN_UNUSED_FUNCTION = YES;
				GCC_WARN_UNUSED_VARIABLE = YES;
				IPHONEOS_DEPLOYMENT_TARGET = 11.3;
				MTL_ENABLE_DEBUG_INFO = NO;
				SDKROOT = iphoneos;
				SWIFT_COMPILATION_MODE = wholemodule;
				SWIFT_OPTIMIZATION_LEVEL = "-O";
				VALIDATE_PRODUCT = YES;
			};
			name = Release;
		};
		4893771C2075A47600FAC527 /* Debug */ = {
			isa = XCBuildConfiguration;
			baseConfigurationReference = 9FB02CC5106E65C5DFFC75FA /* Pods-BreedPic.debug.xcconfig */;
			buildSettings = {
				ASSETCATALOG_COMPILER_APPICON_NAME = AppIcon;
				CODE_SIGN_STYLE = Automatic;
				DEVELOPMENT_TEAM = PEDVQ936L6;
				INFOPLIST_FILE = BreedPic/Info.plist;
				LD_RUNPATH_SEARCH_PATHS = (
					"$(inherited)",
					"@executable_path/Frameworks",
				);
				PRODUCT_BUNDLE_IDENTIFIER = com.edc0der.BreedPic;
				PRODUCT_NAME = "$(TARGET_NAME)";
				SWIFT_VERSION = 4.0;
				TARGETED_DEVICE_FAMILY = 1;
			};
			name = Debug;
		};
		4893771D2075A47600FAC527 /* Release */ = {
			isa = XCBuildConfiguration;
			baseConfigurationReference = 84E9BBA66332C5F6061C69AE /* Pods-BreedPic.release.xcconfig */;
			buildSettings = {
				ASSETCATALOG_COMPILER_APPICON_NAME = AppIcon;
				CODE_SIGN_STYLE = Automatic;
				DEVELOPMENT_TEAM = PEDVQ936L6;
				INFOPLIST_FILE = BreedPic/Info.plist;
				LD_RUNPATH_SEARCH_PATHS = (
					"$(inherited)",
					"@executable_path/Frameworks",
				);
				PRODUCT_BUNDLE_IDENTIFIER = com.edc0der.BreedPic;
				PRODUCT_NAME = "$(TARGET_NAME)";
				SWIFT_VERSION = 4.0;
				TARGETED_DEVICE_FAMILY = 1;
			};
			name = Release;
		};
		4893771F2075A47600FAC527 /* Debug */ = {
			isa = XCBuildConfiguration;
			baseConfigurationReference = D9F2B45ABC69C5F207E42BD4 /* Pods-BreedPicTests.debug.xcconfig */;
			buildSettings = {
				ALWAYS_EMBED_SWIFT_STANDARD_LIBRARIES = YES;
				BUNDLE_LOADER = "$(TEST_HOST)";
				CODE_SIGN_STYLE = Automatic;
				DEVELOPMENT_TEAM = PEDVQ936L6;
				INFOPLIST_FILE = BreedPicTests/Info.plist;
				LD_RUNPATH_SEARCH_PATHS = (
					"$(inherited)",
					"@executable_path/Frameworks",
					"@loader_path/Frameworks",
				);
				PRODUCT_BUNDLE_IDENTIFIER = com.edc0der.BreedPicTests;
				PRODUCT_NAME = "$(TARGET_NAME)";
				SWIFT_VERSION = 4.0;
				TARGETED_DEVICE_FAMILY = "1,2";
				TEST_HOST = "$(BUILT_PRODUCTS_DIR)/BreedPic.app/BreedPic";
			};
			name = Debug;
		};
		489377202075A47600FAC527 /* Release */ = {
			isa = XCBuildConfiguration;
			baseConfigurationReference = 93D6FE62FA61611370C2983D /* Pods-BreedPicTests.release.xcconfig */;
			buildSettings = {
				ALWAYS_EMBED_SWIFT_STANDARD_LIBRARIES = YES;
				BUNDLE_LOADER = "$(TEST_HOST)";
				CODE_SIGN_STYLE = Automatic;
				DEVELOPMENT_TEAM = PEDVQ936L6;
				INFOPLIST_FILE = BreedPicTests/Info.plist;
				LD_RUNPATH_SEARCH_PATHS = (
					"$(inherited)",
					"@executable_path/Frameworks",
					"@loader_path/Frameworks",
				);
				PRODUCT_BUNDLE_IDENTIFIER = com.edc0der.BreedPicTests;
				PRODUCT_NAME = "$(TARGET_NAME)";
				SWIFT_VERSION = 4.0;
				TARGETED_DEVICE_FAMILY = "1,2";
				TEST_HOST = "$(BUILT_PRODUCTS_DIR)/BreedPic.app/BreedPic";
			};
			name = Release;
		};
/* End XCBuildConfiguration section */

/* Begin XCConfigurationList section */
		489376F72075A47500FAC527 /* Build configuration list for PBXProject "BreedPic" */ = {
			isa = XCConfigurationList;
			buildConfigurations = (
				489377192075A47600FAC527 /* Debug */,
				4893771A2075A47600FAC527 /* Release */,
			);
			defaultConfigurationIsVisible = 0;
			defaultConfigurationName = Release;
		};
		4893771B2075A47600FAC527 /* Build configuration list for PBXNativeTarget "BreedPic" */ = {
			isa = XCConfigurationList;
			buildConfigurations = (
				4893771C2075A47600FAC527 /* Debug */,
				4893771D2075A47600FAC527 /* Release */,
			);
			defaultConfigurationIsVisible = 0;
			defaultConfigurationName = Release;
		};
		4893771E2075A47600FAC527 /* Build configuration list for PBXNativeTarget "BreedPicTests" */ = {
			isa = XCConfigurationList;
			buildConfigurations = (
				4893771F2075A47600FAC527 /* Debug */,
				489377202075A47600FAC527 /* Release */,
			);
			defaultConfigurationIsVisible = 0;
			defaultConfigurationName = Release;
		};
/* End XCConfigurationList section */
	};
	rootObject = 489376F42075A47500FAC527 /* Project object */;
}
